// !$*UTF8*$!
{
	archiveVersion = 1;
	classes = {
	};
	objectVersion = 46;
	objects = {

/* Begin PBXBuildFile section */
		1801EA941C1AA91300FA82EB /* CYQuestionViewController.m in Sources */ = {isa = PBXBuildFile; fileRef = 1801EA921C1AA91300FA82EB /* CYQuestionViewController.m */; };
		183F323B1C1C31D6003F6618 /* CYQuestionCell.m in Sources */ = {isa = PBXBuildFile; fileRef = 183F32391C1C31D6003F6618 /* CYQuestionCell.m */; };
		183F323F1C1C34E2003F6618 /* CYButton.m in Sources */ = {isa = PBXBuildFile; fileRef = 183F323E1C1C34E2003F6618 /* CYButton.m */; };
		1859AFDE1C19A4230037BF56 /* MBProgressHUD+MJ.m in Sources */ = {isa = PBXBuildFile; fileRef = 1859AFD01C19A4230037BF56 /* MBProgressHUD+MJ.m */; };
		1859AFDF1C19A4230037BF56 /* MBProgressHUD.bundle in Resources */ = {isa = PBXBuildFile; fileRef = 1859AFD11C19A4230037BF56 /* MBProgressHUD.bundle */; };
		1859AFE01C19A4230037BF56 /* MBProgressHUD.m in Sources */ = {isa = PBXBuildFile; fileRef = 1859AFD31C19A4230037BF56 /* MBProgressHUD.m */; };
		1859AFE11C19A4230037BF56 /* MMDrawerBarButtonItem.m in Sources */ = {isa = PBXBuildFile; fileRef = 1859AFD61C19A4230037BF56 /* MMDrawerBarButtonItem.m */; };
		1859AFE21C19A4230037BF56 /* MMDrawerController.m in Sources */ = {isa = PBXBuildFile; fileRef = 1859AFD91C19A4230037BF56 /* MMDrawerController.m */; };
		1859AFE31C19A4230037BF56 /* MMDrawerVisualState.m in Sources */ = {isa = PBXBuildFile; fileRef = 1859AFDB1C19A4230037BF56 /* MMDrawerVisualState.m */; };
		1859AFE41C19A4230037BF56 /* UIViewController+MMDrawerController.m in Sources */ = {isa = PBXBuildFile; fileRef = 1859AFDD1C19A4230037BF56 /* UIViewController+MMDrawerController.m */; };
		1892A0791C1AC02A00BE889B /* CYJumpToCollectionView.xib in Resources */ = {isa = PBXBuildFile; fileRef = 1892A0781C1AC02A00BE889B /* CYJumpToCollectionView.xib */; };
		189A34C81C19157600E09B86 /* CYEncourageMeController.m in Sources */ = {isa = PBXBuildFile; fileRef = 189A34C61C19157600E09B86 /* CYEncourageMeController.m */; };
		189A34C91C19157600E09B86 /* CYEncourageMeController.xib in Resources */ = {isa = PBXBuildFile; fileRef = 189A34C71C19157600E09B86 /* CYEncourageMeController.xib */; };
		18C74CBD1C1C5B1B0080290C /* CYQuestionModel.m in Sources */ = {isa = PBXBuildFile; fileRef = 18C74CBC1C1C5B1B0080290C /* CYQuestionModel.m */; };
		18D787011C16825000E40F34 /* CYSettingViewController.m in Sources */ = {isa = PBXBuildFile; fileRef = 18D787001C16825000E40F34 /* CYSettingViewController.m */; };
		18D787041C16828400E40F34 /* CYSettingItem.m in Sources */ = {isa = PBXBuildFile; fileRef = 18D787031C16828400E40F34 /* CYSettingItem.m */; };
		18D787071C16A28400E40F34 /* CYSettingArrowItem.m in Sources */ = {isa = PBXBuildFile; fileRef = 18D787061C16A28400E40F34 /* CYSettingArrowItem.m */; };
		18D7870A1C16A2AC00E40F34 /* CYSettingSwitchItem.m in Sources */ = {isa = PBXBuildFile; fileRef = 18D787091C16A2AC00E40F34 /* CYSettingSwitchItem.m */; };
		18D7870D1C16ADE900E40F34 /* CYSettingCell.m in Sources */ = {isa = PBXBuildFile; fileRef = 18D7870C1C16ADE900E40F34 /* CYSettingCell.m */; };
		18D7871D1C16C09E00E40F34 /* AboutMeViewController.m in Sources */ = {isa = PBXBuildFile; fileRef = 18D7871C1C16C09E00E40F34 /* AboutMeViewController.m */; };
		18D787201C16C26100E40F34 /* CYSettingGroup.m in Sources */ = {isa = PBXBuildFile; fileRef = 18D7871F1C16C26100E40F34 /* CYSettingGroup.m */; };
		18D787231C16CA7200E40F34 /* BaseSettingViewController.m in Sources */ = {isa = PBXBuildFile; fileRef = 18D787221C16CA7200E40F34 /* BaseSettingViewController.m */; };
		18D87F011C181EFB003DC40A /* CYPopSelectView.m in Sources */ = {isa = PBXBuildFile; fileRef = 18D87F001C181EFB003DC40A /* CYPopSelectView.m */; };
		18D87F071C1823DD003DC40A /* CYSettingLabelItem.m in Sources */ = {isa = PBXBuildFile; fileRef = 18D87F061C1823DD003DC40A /* CYSettingLabelItem.m */; };
		18D87F0B1C1850CE003DC40A /* CYPopSelectView.xib in Resources */ = {isa = PBXBuildFile; fileRef = 18D87F0A1C1850CE003DC40A /* CYPopSelectView.xib */; };
		18D8B5601C191EB000F87435 /* CYLeftDrawerController.m in Sources */ = {isa = PBXBuildFile; fileRef = 18D8B55E1C191EB000F87435 /* CYLeftDrawerController.m */; };
		18D8B5611C191EB000F87435 /* CYLeftDrawerController.xib in Resources */ = {isa = PBXBuildFile; fileRef = 18D8B55F1C191EB000F87435 /* CYLeftDrawerController.xib */; };
		18D8C1031C19B2F800402F6A /* CYthirdSubjectViewController.m in Sources */ = {isa = PBXBuildFile; fileRef = 18D8C1011C19B2F800402F6A /* CYthirdSubjectViewController.m */; };
		18D8C1041C19B2F800402F6A /* CYthirdSubjectViewController.xib in Resources */ = {isa = PBXBuildFile; fileRef = 18D8C1021C19B2F800402F6A /* CYthirdSubjectViewController.xib */; };
		18D8C1181C19B94A00402F6A /* apper@2x.png in Resources */ = {isa = PBXBuildFile; fileRef = 18D8C1071C19B94A00402F6A /* apper@2x.png */; };
		18D8C1191C19B94A00402F6A /* caipiao@2x.png in Resources */ = {isa = PBXBuildFile; fileRef = 18D8C1081C19B94A00402F6A /* caipiao@2x.png */; };
		18D8C11A1C19B94A00402F6A /* cloudphotos@2x.png in Resources */ = {isa = PBXBuildFile; fileRef = 18D8C1091C19B94A00402F6A /* cloudphotos@2x.png */; };
		18D8C11B1C19B94A00402F6A /* fanfan@2x.png in Resources */ = {isa = PBXBuildFile; fileRef = 18D8C10A1C19B94A00402F6A /* fanfan@2x.png */; };
		18D8C11C1C19B94A00402F6A /* huihui@2x.png in Resources */ = {isa = PBXBuildFile; fileRef = 18D8C10B1C19B94A00402F6A /* huihui@2x.png */; };
		18D8C11D1C19B94A00402F6A /* icon_back@2x.png in Resources */ = {isa = PBXBuildFile; fileRef = 18D8C10C1C19B94A00402F6A /* icon_back@2x.png */; };
		18D8C11E1C19B94A00402F6A /* magicbook@2x.png in Resources */ = {isa = PBXBuildFile; fileRef = 18D8C10D1C19B94A00402F6A /* magicbook@2x.png */; };
		18D8C11F1C19B94A00402F6A /* movie@2x.png in Resources */ = {isa = PBXBuildFile; fileRef = 18D8C10E1C19B94A00402F6A /* movie@2x.png */; };
		18D8C1201C19B94A00402F6A /* newb@2x.png in Resources */ = {isa = PBXBuildFile; fileRef = 18D8C10F1C19B94A00402F6A /* newb@2x.png */; };
		18D8C1211C19B94A00402F6A /* newsapp@2x.png in Resources */ = {isa = PBXBuildFile; fileRef = 18D8C1101C19B94A00402F6A /* newsapp@2x.png */; };
		18D8C1221C19B94A00402F6A /* open@2x.png in Resources */ = {isa = PBXBuildFile; fileRef = 18D8C1111C19B94A00402F6A /* open@2x.png */; };
		18D8C1231C19B94A00402F6A /* reader@2x.png in Resources */ = {isa = PBXBuildFile; fileRef = 18D8C1121C19B94A00402F6A /* reader@2x.png */; };
		18D8C1241C19B94A00402F6A /* shoujiyou@2x.png in Resources */ = {isa = PBXBuildFile; fileRef = 18D8C1131C19B94A00402F6A /* shoujiyou@2x.png */; };
		18D8C1251C19B94A00402F6A /* tvguide@2x.png in Resources */ = {isa = PBXBuildFile; fileRef = 18D8C1141C19B94A00402F6A /* tvguide@2x.png */; };
		18D8C1261C19B94A00402F6A /* youdao@2x.png in Resources */ = {isa = PBXBuildFile; fileRef = 18D8C1151C19B94A00402F6A /* youdao@2x.png */; };
		18D8C1271C19B94A00402F6A /* youdaonote@2x.png in Resources */ = {isa = PBXBuildFile; fileRef = 18D8C1161C19B94A00402F6A /* youdaonote@2x.png */; };
		18D8C1281C19B94A00402F6A /* products.json in Resources */ = {isa = PBXBuildFile; fileRef = 18D8C1171C19B94A00402F6A /* products.json */; };
		18D8C12E1C19C65300402F6A /* CYSecondSubjectController.m in Sources */ = {isa = PBXBuildFile; fileRef = 18D8C12D1C19C65300402F6A /* CYSecondSubjectController.m */; };
		18D8C3AA1C1AEC6C00967B02 /* CYJumpCell.m in Sources */ = {isa = PBXBuildFile; fileRef = 18D8C3A81C1AEC6C00967B02 /* CYJumpCell.m */; };
		18D8C3AB1C1AEC6C00967B02 /* CYJumpCell.xib in Resources */ = {isa = PBXBuildFile; fileRef = 18D8C3A91C1AEC6C00967B02 /* CYJumpCell.xib */; };
		18D8C3B11C1AF9E800967B02 /* CYJumpToCollectionView.m in Sources */ = {isa = PBXBuildFile; fileRef = 18D8C3B01C1AF9E800967B02 /* CYJumpToCollectionView.m */; };
		18DA894A1C13D44400B4631D /* main.m in Sources */ = {isa = PBXBuildFile; fileRef = 18DA89491C13D44400B4631D /* main.m */; };
		18DA894D1C13D44400B4631D /* AppDelegate.m in Sources */ = {isa = PBXBuildFile; fileRef = 18DA894C1C13D44400B4631D /* AppDelegate.m */; };
		18DA89551C13D44400B4631D /* Assets.xcassets in Resources */ = {isa = PBXBuildFile; fileRef = 18DA89541C13D44400B4631D /* Assets.xcassets */; };
		18DA89581C13D44400B4631D /* LaunchScreen.storyboard in Resources */ = {isa = PBXBuildFile; fileRef = 18DA89561C13D44400B4631D /* LaunchScreen.storyboard */; };
		18DA89631C13D44400B4631D /* ____Tests.m in Sources */ = {isa = PBXBuildFile; fileRef = 18DA89621C13D44400B4631D /* ____Tests.m */; };
		18DA896E1C13D44400B4631D /* ____UITests.m in Sources */ = {isa = PBXBuildFile; fileRef = 18DA896D1C13D44400B4631D /* ____UITests.m */; };
		18DA899B1C146B5100B4631D /* CYTabbarViewController.m in Sources */ = {isa = PBXBuildFile; fileRef = 18DA899A1C146B5100B4631D /* CYTabbarViewController.m */; };
		18DA899F1C146CB700B4631D /* CYFirstSubjectViewController.m in Sources */ = {isa = PBXBuildFile; fileRef = 18DA899D1C146CB700B4631D /* CYFirstSubjectViewController.m */; };
		18DA89A01C146CB700B4631D /* CYFirstSubjectViewController.xib in Resources */ = {isa = PBXBuildFile; fileRef = 18DA899E1C146CB700B4631D /* CYFirstSubjectViewController.xib */; };
		18DA89AE1C14722F00B4631D /* CYNavigationViewController.m in Sources */ = {isa = PBXBuildFile; fileRef = 18DA89AD1C14722F00B4631D /* CYNavigationViewController.m */; };
		18DA89BC1C14758D00B4631D /* CYForthSubjectViewController.m in Sources */ = {isa = PBXBuildFile; fileRef = 18DA89BA1C14758D00B4631D /* CYForthSubjectViewController.m */; };
		18DA89BD1C14758D00B4631D /* CYForthSubjectViewController.xib in Resources */ = {isa = PBXBuildFile; fileRef = 18DA89BB1C14758D00B4631D /* CYForthSubjectViewController.xib */; };
		18DA89C51C14798600B4631D /* UIBarButtonItem+Extension.m in Sources */ = {isa = PBXBuildFile; fileRef = 18DA89C21C14798600B4631D /* UIBarButtonItem+Extension.m */; };
		18DA89C61C14798600B4631D /* UIView+Extension.m in Sources */ = {isa = PBXBuildFile; fileRef = 18DA89C41C14798600B4631D /* UIView+Extension.m */; };
		18DA89C91C14844200B4631D /* CYTabbar.m in Sources */ = {isa = PBXBuildFile; fileRef = 18DA89C81C14844200B4631D /* CYTabbar.m */; };
		18DBCB561C194AA9002090D8 /* CYHeadView.xib in Resources */ = {isa = PBXBuildFile; fileRef = 18DBCB551C194AA9002090D8 /* CYHeadView.xib */; };
		18DBCB591C194DEF002090D8 /* CYHeaderView.m in Sources */ = {isa = PBXBuildFile; fileRef = 18DBCB581C194DEF002090D8 /* CYHeaderView.m */; };
		18F637711C1D011A0098F30C /* MKAnnotationView+WebCache.m in Sources */ = {isa = PBXBuildFile; fileRef = 18F637511C1D011A0098F30C /* MKAnnotationView+WebCache.m */; };
		18F637721C1D011A0098F30C /* NSData+ImageContentType.m in Sources */ = {isa = PBXBuildFile; fileRef = 18F637531C1D011A0098F30C /* NSData+ImageContentType.m */; };
		18F637731C1D011A0098F30C /* SDImageCache.m in Sources */ = {isa = PBXBuildFile; fileRef = 18F637551C1D011A0098F30C /* SDImageCache.m */; };
		18F637741C1D011A0098F30C /* SDWebImageCompat.m in Sources */ = {isa = PBXBuildFile; fileRef = 18F637571C1D011A0098F30C /* SDWebImageCompat.m */; };
		18F637751C1D011A0098F30C /* SDWebImageDecoder.m in Sources */ = {isa = PBXBuildFile; fileRef = 18F637591C1D011A0098F30C /* SDWebImageDecoder.m */; };
		18F637761C1D011A0098F30C /* SDWebImageDownloader.m in Sources */ = {isa = PBXBuildFile; fileRef = 18F6375B1C1D011A0098F30C /* SDWebImageDownloader.m */; };
		18F637771C1D011A0098F30C /* SDWebImageDownloaderOperation.m in Sources */ = {isa = PBXBuildFile; fileRef = 18F6375D1C1D011A0098F30C /* SDWebImageDownloaderOperation.m */; };
		18F637781C1D011A0098F30C /* SDWebImageManager.m in Sources */ = {isa = PBXBuildFile; fileRef = 18F6375F1C1D011A0098F30C /* SDWebImageManager.m */; };
		18F637791C1D011A0098F30C /* SDWebImagePrefetcher.m in Sources */ = {isa = PBXBuildFile; fileRef = 18F637621C1D011A0098F30C /* SDWebImagePrefetcher.m */; };
		18F6377A1C1D011A0098F30C /* UIButton+WebCache.m in Sources */ = {isa = PBXBuildFile; fileRef = 18F637641C1D011A0098F30C /* UIButton+WebCache.m */; };
		18F6377B1C1D011A0098F30C /* UIImage+GIF.m in Sources */ = {isa = PBXBuildFile; fileRef = 18F637661C1D011A0098F30C /* UIImage+GIF.m */; };
		18F6377C1C1D011A0098F30C /* UIImage+MultiFormat.m in Sources */ = {isa = PBXBuildFile; fileRef = 18F637681C1D011A0098F30C /* UIImage+MultiFormat.m */; };
		18F6377D1C1D011A0098F30C /* UIImage+WebP.m in Sources */ = {isa = PBXBuildFile; fileRef = 18F6376A1C1D011A0098F30C /* UIImage+WebP.m */; };
		18F6377E1C1D011A0098F30C /* UIImageView+HighlightedWebCache.m in Sources */ = {isa = PBXBuildFile; fileRef = 18F6376C1C1D011A0098F30C /* UIImageView+HighlightedWebCache.m */; };
		18F6377F1C1D011A0098F30C /* UIImageView+WebCache.m in Sources */ = {isa = PBXBuildFile; fileRef = 18F6376E1C1D011A0098F30C /* UIImageView+WebCache.m */; };
		18F637801C1D011A0098F30C /* UIView+WebCacheOperation.m in Sources */ = {isa = PBXBuildFile; fileRef = 18F637701C1D011A0098F30C /* UIView+WebCacheOperation.m */; };
		18F637891C1D125A0098F30C /* CYSaveQuestionModelTool.m in Sources */ = {isa = PBXBuildFile; fileRef = 18F637881C1D125A0098F30C /* CYSaveQuestionModelTool.m */; };
		18F637B21C1D30A40098F30C /* AFHTTPRequestOperation.m in Sources */ = {isa = PBXBuildFile; fileRef = 18F637A01C1D30A40098F30C /* AFHTTPRequestOperation.m */; };
		18F637B31C1D30A40098F30C /* AFHTTPRequestOperationManager.m in Sources */ = {isa = PBXBuildFile; fileRef = 18F637A21C1D30A40098F30C /* AFHTTPRequestOperationManager.m */; };
		18F637B41C1D30A40098F30C /* AFHTTPSessionManager.m in Sources */ = {isa = PBXBuildFile; fileRef = 18F637A41C1D30A40098F30C /* AFHTTPSessionManager.m */; };
		18F637B51C1D30A40098F30C /* AFNetworkReachabilityManager.m in Sources */ = {isa = PBXBuildFile; fileRef = 18F637A71C1D30A40098F30C /* AFNetworkReachabilityManager.m */; };
		18F637B61C1D30A40098F30C /* AFSecurityPolicy.m in Sources */ = {isa = PBXBuildFile; fileRef = 18F637A91C1D30A40098F30C /* AFSecurityPolicy.m */; };
		18F637B71C1D30A40098F30C /* AFURLConnectionOperation.m in Sources */ = {isa = PBXBuildFile; fileRef = 18F637AB1C1D30A40098F30C /* AFURLConnectionOperation.m */; };
		18F637B81C1D30A40098F30C /* AFURLRequestSerialization.m in Sources */ = {isa = PBXBuildFile; fileRef = 18F637AD1C1D30A40098F30C /* AFURLRequestSerialization.m */; };
		18F637B91C1D30A40098F30C /* AFURLResponseSerialization.m in Sources */ = {isa = PBXBuildFile; fileRef = 18F637AF1C1D30A40098F30C /* AFURLResponseSerialization.m */; };
		18F637BA1C1D30A40098F30C /* AFURLSessionManager.m in Sources */ = {isa = PBXBuildFile; fileRef = 18F637B11C1D30A40098F30C /* AFURLSessionManager.m */; };
		18F637BC1C1D3B360098F30C /* Foundation+Log.m in Sources */ = {isa = PBXBuildFile; fileRef = 18F637BB1C1D3B360098F30C /* Foundation+Log.m */; };
		18F637CC1C1D6E290098F30C /* CYQuestionCell.xib in Resources */ = {isa = PBXBuildFile; fileRef = 18F637CB1C1D6E290098F30C /* CYQuestionCell.xib */; };
		18FD4F281C170A0500D01D96 /* CYProductShareViewController.m in Sources */ = {isa = PBXBuildFile; fileRef = 18FD4F271C170A0500D01D96 /* CYProductShareViewController.m */; };
		18FD4F521C170F4900D01D96 /* CYProduct.m in Sources */ = {isa = PBXBuildFile; fileRef = 18FD4F511C170F4900D01D96 /* CYProduct.m */; };
		18FD4FD81C17151400D01D96 /* CYProductCell.m in Sources */ = {isa = PBXBuildFile; fileRef = 18FD4FD61C17151400D01D96 /* CYProductCell.m */; };
		18FD4FD91C17151400D01D96 /* CYProductCell.xib in Resources */ = {isa = PBXBuildFile; fileRef = 18FD4FD71C17151400D01D96 /* CYProductCell.xib */; };
		FC6BA1D3812CCBE8BE05FC36 /* libPods.a in Frameworks */ = {isa = PBXBuildFile; fileRef = 9D56638B8F0386810C71CB4A /* libPods.a */; };
/* End PBXBuildFile section */

/* Begin PBXContainerItemProxy section */
		18DA895F1C13D44400B4631D /* PBXContainerItemProxy */ = {
			isa = PBXContainerItemProxy;
			containerPortal = 18DA893D1C13D44400B4631D /* Project object */;
			proxyType = 1;
			remoteGlobalIDString = 18DA89441C13D44400B4631D;
			remoteInfo = "驾考刷题";
		};
		18DA896A1C13D44400B4631D /* PBXContainerItemProxy */ = {
			isa = PBXContainerItemProxy;
			containerPortal = 18DA893D1C13D44400B4631D /* Project object */;
			proxyType = 1;
			remoteGlobalIDString = 18DA89441C13D44400B4631D;
			remoteInfo = "驾考刷题";
		};
/* End PBXContainerItemProxy section */

/* Begin PBXFileReference section */
		1801EA911C1AA91300FA82EB /* CYQuestionViewController.h */ = {isa = PBXFileReference; fileEncoding = 4; lastKnownFileType = sourcecode.c.h; path = CYQuestionViewController.h; sourceTree = "<group>"; };
		1801EA921C1AA91300FA82EB /* CYQuestionViewController.m */ = {isa = PBXFileReference; fileEncoding = 4; lastKnownFileType = sourcecode.c.objc; path = CYQuestionViewController.m; sourceTree = "<group>"; };
		183F32381C1C31D6003F6618 /* CYQuestionCell.h */ = {isa = PBXFileReference; fileEncoding = 4; lastKnownFileType = sourcecode.c.h; path = CYQuestionCell.h; sourceTree = "<group>"; };
		183F32391C1C31D6003F6618 /* CYQuestionCell.m */ = {isa = PBXFileReference; fileEncoding = 4; lastKnownFileType = sourcecode.c.objc; path = CYQuestionCell.m; sourceTree = "<group>"; };
		183F323D1C1C34E2003F6618 /* CYButton.h */ = {isa = PBXFileReference; fileEncoding = 4; lastKnownFileType = sourcecode.c.h; path = CYButton.h; sourceTree = "<group>"; };
		183F323E1C1C34E2003F6618 /* CYButton.m */ = {isa = PBXFileReference; fileEncoding = 4; lastKnownFileType = sourcecode.c.objc; path = CYButton.m; sourceTree = "<group>"; };
		1859AFCF1C19A4230037BF56 /* MBProgressHUD+MJ.h */ = {isa = PBXFileReference; fileEncoding = 4; lastKnownFileType = sourcecode.c.h; path = "MBProgressHUD+MJ.h"; sourceTree = "<group>"; };
		1859AFD01C19A4230037BF56 /* MBProgressHUD+MJ.m */ = {isa = PBXFileReference; fileEncoding = 4; lastKnownFileType = sourcecode.c.objc; path = "MBProgressHUD+MJ.m"; sourceTree = "<group>"; };
		1859AFD11C19A4230037BF56 /* MBProgressHUD.bundle */ = {isa = PBXFileReference; lastKnownFileType = "wrapper.plug-in"; path = MBProgressHUD.bundle; sourceTree = "<group>"; };
		1859AFD21C19A4230037BF56 /* MBProgressHUD.h */ = {isa = PBXFileReference; fileEncoding = 4; lastKnownFileType = sourcecode.c.h; path = MBProgressHUD.h; sourceTree = "<group>"; };
		1859AFD31C19A4230037BF56 /* MBProgressHUD.m */ = {isa = PBXFileReference; fileEncoding = 4; lastKnownFileType = sourcecode.c.objc; path = MBProgressHUD.m; sourceTree = "<group>"; };
		1859AFD51C19A4230037BF56 /* MMDrawerBarButtonItem.h */ = {isa = PBXFileReference; fileEncoding = 4; lastKnownFileType = sourcecode.c.h; path = MMDrawerBarButtonItem.h; sourceTree = "<group>"; };
		1859AFD61C19A4230037BF56 /* MMDrawerBarButtonItem.m */ = {isa = PBXFileReference; fileEncoding = 4; lastKnownFileType = sourcecode.c.objc; path = MMDrawerBarButtonItem.m; sourceTree = "<group>"; };
		1859AFD71C19A4230037BF56 /* MMDrawerController+Subclass.h */ = {isa = PBXFileReference; fileEncoding = 4; lastKnownFileType = sourcecode.c.h; path = "MMDrawerController+Subclass.h"; sourceTree = "<group>"; };
		1859AFD81C19A4230037BF56 /* MMDrawerController.h */ = {isa = PBXFileReference; fileEncoding = 4; lastKnownFileType = sourcecode.c.h; path = MMDrawerController.h; sourceTree = "<group>"; };
		1859AFD91C19A4230037BF56 /* MMDrawerController.m */ = {isa = PBXFileReference; fileEncoding = 4; lastKnownFileType = sourcecode.c.objc; path = MMDrawerController.m; sourceTree = "<group>"; };
		1859AFDA1C19A4230037BF56 /* MMDrawerVisualState.h */ = {isa = PBXFileReference; fileEncoding = 4; lastKnownFileType = sourcecode.c.h; path = MMDrawerVisualState.h; sourceTree = "<group>"; };
		1859AFDB1C19A4230037BF56 /* MMDrawerVisualState.m */ = {isa = PBXFileReference; fileEncoding = 4; lastKnownFileType = sourcecode.c.objc; path = MMDrawerVisualState.m; sourceTree = "<group>"; };
		1859AFDC1C19A4230037BF56 /* UIViewController+MMDrawerController.h */ = {isa = PBXFileReference; fileEncoding = 4; lastKnownFileType = sourcecode.c.h; path = "UIViewController+MMDrawerController.h"; sourceTree = "<group>"; };
		1859AFDD1C19A4230037BF56 /* UIViewController+MMDrawerController.m */ = {isa = PBXFileReference; fileEncoding = 4; lastKnownFileType = sourcecode.c.objc; path = "UIViewController+MMDrawerController.m"; sourceTree = "<group>"; };
		1892A0781C1AC02A00BE889B /* CYJumpToCollectionView.xib */ = {isa = PBXFileReference; fileEncoding = 4; lastKnownFileType = file.xib; path = CYJumpToCollectionView.xib; sourceTree = "<group>"; };
		189A34C51C19157600E09B86 /* CYEncourageMeController.h */ = {isa = PBXFileReference; fileEncoding = 4; lastKnownFileType = sourcecode.c.h; path = CYEncourageMeController.h; sourceTree = "<group>"; };
		189A34C61C19157600E09B86 /* CYEncourageMeController.m */ = {isa = PBXFileReference; fileEncoding = 4; lastKnownFileType = sourcecode.c.objc; path = CYEncourageMeController.m; sourceTree = "<group>"; };
		189A34C71C19157600E09B86 /* CYEncourageMeController.xib */ = {isa = PBXFileReference; fileEncoding = 4; lastKnownFileType = file.xib; path = CYEncourageMeController.xib; sourceTree = "<group>"; };
		18C74CBB1C1C5B1B0080290C /* CYQuestionModel.h */ = {isa = PBXFileReference; fileEncoding = 4; lastKnownFileType = sourcecode.c.h; path = CYQuestionModel.h; sourceTree = "<group>"; };
		18C74CBC1C1C5B1B0080290C /* CYQuestionModel.m */ = {isa = PBXFileReference; fileEncoding = 4; lastKnownFileType = sourcecode.c.objc; path = CYQuestionModel.m; sourceTree = "<group>"; };
		18D786FF1C16825000E40F34 /* CYSettingViewController.h */ = {isa = PBXFileReference; fileEncoding = 4; lastKnownFileType = sourcecode.c.h; path = CYSettingViewController.h; sourceTree = "<group>"; };
		18D787001C16825000E40F34 /* CYSettingViewController.m */ = {isa = PBXFileReference; fileEncoding = 4; lastKnownFileType = sourcecode.c.objc; path = CYSettingViewController.m; sourceTree = "<group>"; };
		18D787021C16828400E40F34 /* CYSettingItem.h */ = {isa = PBXFileReference; fileEncoding = 4; lastKnownFileType = sourcecode.c.h; path = CYSettingItem.h; sourceTree = "<group>"; };
		18D787031C16828400E40F34 /* CYSettingItem.m */ = {isa = PBXFileReference; fileEncoding = 4; lastKnownFileType = sourcecode.c.objc; path = CYSettingItem.m; sourceTree = "<group>"; };
		18D787051C16A28400E40F34 /* CYSettingArrowItem.h */ = {isa = PBXFileReference; fileEncoding = 4; lastKnownFileType = sourcecode.c.h; path = CYSettingArrowItem.h; sourceTree = "<group>"; };
		18D787061C16A28400E40F34 /* CYSettingArrowItem.m */ = {isa = PBXFileReference; fileEncoding = 4; lastKnownFileType = sourcecode.c.objc; path = CYSettingArrowItem.m; sourceTree = "<group>"; };
		18D787081C16A2AC00E40F34 /* CYSettingSwitchItem.h */ = {isa = PBXFileReference; fileEncoding = 4; lastKnownFileType = sourcecode.c.h; path = CYSettingSwitchItem.h; sourceTree = "<group>"; };
		18D787091C16A2AC00E40F34 /* CYSettingSwitchItem.m */ = {isa = PBXFileReference; fileEncoding = 4; lastKnownFileType = sourcecode.c.objc; path = CYSettingSwitchItem.m; sourceTree = "<group>"; };
		18D7870B1C16ADE900E40F34 /* CYSettingCell.h */ = {isa = PBXFileReference; fileEncoding = 4; lastKnownFileType = sourcecode.c.h; path = CYSettingCell.h; sourceTree = "<group>"; };
		18D7870C1C16ADE900E40F34 /* CYSettingCell.m */ = {isa = PBXFileReference; fileEncoding = 4; lastKnownFileType = sourcecode.c.objc; path = CYSettingCell.m; sourceTree = "<group>"; };
		18D7871B1C16C09E00E40F34 /* AboutMeViewController.h */ = {isa = PBXFileReference; fileEncoding = 4; lastKnownFileType = sourcecode.c.h; path = AboutMeViewController.h; sourceTree = "<group>"; };
		18D7871C1C16C09E00E40F34 /* AboutMeViewController.m */ = {isa = PBXFileReference; fileEncoding = 4; lastKnownFileType = sourcecode.c.objc; path = AboutMeViewController.m; sourceTree = "<group>"; };
		18D7871E1C16C26100E40F34 /* CYSettingGroup.h */ = {isa = PBXFileReference; fileEncoding = 4; lastKnownFileType = sourcecode.c.h; path = CYSettingGroup.h; sourceTree = "<group>"; };
		18D7871F1C16C26100E40F34 /* CYSettingGroup.m */ = {isa = PBXFileReference; fileEncoding = 4; lastKnownFileType = sourcecode.c.objc; path = CYSettingGroup.m; sourceTree = "<group>"; };
		18D787211C16CA7200E40F34 /* BaseSettingViewController.h */ = {isa = PBXFileReference; fileEncoding = 4; lastKnownFileType = sourcecode.c.h; name = BaseSettingViewController.h; path = ../PushAndWarning/BaseSettingViewController.h; sourceTree = "<group>"; };
		18D787221C16CA7200E40F34 /* BaseSettingViewController.m */ = {isa = PBXFileReference; fileEncoding = 4; lastKnownFileType = sourcecode.c.objc; name = BaseSettingViewController.m; path = ../PushAndWarning/BaseSettingViewController.m; sourceTree = "<group>"; };
		18D87EFF1C181EFB003DC40A /* CYPopSelectView.h */ = {isa = PBXFileReference; fileEncoding = 4; lastKnownFileType = sourcecode.c.h; path = CYPopSelectView.h; sourceTree = "<group>"; };
		18D87F001C181EFB003DC40A /* CYPopSelectView.m */ = {isa = PBXFileReference; fileEncoding = 4; lastKnownFileType = sourcecode.c.objc; path = CYPopSelectView.m; sourceTree = "<group>"; };
		18D87F051C1823DD003DC40A /* CYSettingLabelItem.h */ = {isa = PBXFileReference; fileEncoding = 4; lastKnownFileType = sourcecode.c.h; path = CYSettingLabelItem.h; sourceTree = "<group>"; };
		18D87F061C1823DD003DC40A /* CYSettingLabelItem.m */ = {isa = PBXFileReference; fileEncoding = 4; lastKnownFileType = sourcecode.c.objc; path = CYSettingLabelItem.m; sourceTree = "<group>"; };
		18D87F0A1C1850CE003DC40A /* CYPopSelectView.xib */ = {isa = PBXFileReference; fileEncoding = 4; lastKnownFileType = file.xib; path = CYPopSelectView.xib; sourceTree = "<group>"; };
		18D8B55D1C191EB000F87435 /* CYLeftDrawerController.h */ = {isa = PBXFileReference; fileEncoding = 4; lastKnownFileType = sourcecode.c.h; path = CYLeftDrawerController.h; sourceTree = "<group>"; };
		18D8B55E1C191EB000F87435 /* CYLeftDrawerController.m */ = {isa = PBXFileReference; fileEncoding = 4; lastKnownFileType = sourcecode.c.objc; path = CYLeftDrawerController.m; sourceTree = "<group>"; };
		18D8B55F1C191EB000F87435 /* CYLeftDrawerController.xib */ = {isa = PBXFileReference; fileEncoding = 4; lastKnownFileType = file.xib; path = CYLeftDrawerController.xib; sourceTree = "<group>"; };
		18D8C1001C19B2F800402F6A /* CYthirdSubjectViewController.h */ = {isa = PBXFileReference; fileEncoding = 4; lastKnownFileType = sourcecode.c.h; path = CYthirdSubjectViewController.h; sourceTree = "<group>"; };
		18D8C1011C19B2F800402F6A /* CYthirdSubjectViewController.m */ = {isa = PBXFileReference; fileEncoding = 4; lastKnownFileType = sourcecode.c.objc; path = CYthirdSubjectViewController.m; sourceTree = "<group>"; };
		18D8C1021C19B2F800402F6A /* CYthirdSubjectViewController.xib */ = {isa = PBXFileReference; fileEncoding = 4; lastKnownFileType = file.xib; path = CYthirdSubjectViewController.xib; sourceTree = "<group>"; };
		18D8C1071C19B94A00402F6A /* apper@2x.png */ = {isa = PBXFileReference; lastKnownFileType = image.png; path = "apper@2x.png"; sourceTree = "<group>"; };
		18D8C1081C19B94A00402F6A /* caipiao@2x.png */ = {isa = PBXFileReference; lastKnownFileType = image.png; path = "caipiao@2x.png"; sourceTree = "<group>"; };
		18D8C1091C19B94A00402F6A /* cloudphotos@2x.png */ = {isa = PBXFileReference; lastKnownFileType = image.png; path = "cloudphotos@2x.png"; sourceTree = "<group>"; };
		18D8C10A1C19B94A00402F6A /* fanfan@2x.png */ = {isa = PBXFileReference; lastKnownFileType = image.png; path = "fanfan@2x.png"; sourceTree = "<group>"; };
		18D8C10B1C19B94A00402F6A /* huihui@2x.png */ = {isa = PBXFileReference; lastKnownFileType = image.png; path = "huihui@2x.png"; sourceTree = "<group>"; };
		18D8C10C1C19B94A00402F6A /* icon_back@2x.png */ = {isa = PBXFileReference; lastKnownFileType = image.png; path = "icon_back@2x.png"; sourceTree = "<group>"; };
		18D8C10D1C19B94A00402F6A /* magicbook@2x.png */ = {isa = PBXFileReference; lastKnownFileType = image.png; path = "magicbook@2x.png"; sourceTree = "<group>"; };
		18D8C10E1C19B94A00402F6A /* movie@2x.png */ = {isa = PBXFileReference; lastKnownFileType = image.png; path = "movie@2x.png"; sourceTree = "<group>"; };
		18D8C10F1C19B94A00402F6A /* newb@2x.png */ = {isa = PBXFileReference; lastKnownFileType = image.png; path = "newb@2x.png"; sourceTree = "<group>"; };
		18D8C1101C19B94A00402F6A /* newsapp@2x.png */ = {isa = PBXFileReference; lastKnownFileType = image.png; path = "newsapp@2x.png"; sourceTree = "<group>"; };
		18D8C1111C19B94A00402F6A /* open@2x.png */ = {isa = PBXFileReference; lastKnownFileType = image.png; path = "open@2x.png"; sourceTree = "<group>"; };
		18D8C1121C19B94A00402F6A /* reader@2x.png */ = {isa = PBXFileReference; lastKnownFileType = image.png; path = "reader@2x.png"; sourceTree = "<group>"; };
		18D8C1131C19B94A00402F6A /* shoujiyou@2x.png */ = {isa = PBXFileReference; lastKnownFileType = image.png; path = "shoujiyou@2x.png"; sourceTree = "<group>"; };
		18D8C1141C19B94A00402F6A /* tvguide@2x.png */ = {isa = PBXFileReference; lastKnownFileType = image.png; path = "tvguide@2x.png"; sourceTree = "<group>"; };
		18D8C1151C19B94A00402F6A /* youdao@2x.png */ = {isa = PBXFileReference; lastKnownFileType = image.png; path = "youdao@2x.png"; sourceTree = "<group>"; };
		18D8C1161C19B94A00402F6A /* youdaonote@2x.png */ = {isa = PBXFileReference; lastKnownFileType = image.png; path = "youdaonote@2x.png"; sourceTree = "<group>"; };
		18D8C1171C19B94A00402F6A /* products.json */ = {isa = PBXFileReference; fileEncoding = 4; lastKnownFileType = text.json; path = products.json; sourceTree = "<group>"; };
		18D8C12C1C19C65300402F6A /* CYSecondSubjectController.h */ = {isa = PBXFileReference; fileEncoding = 4; lastKnownFileType = sourcecode.c.h; path = CYSecondSubjectController.h; sourceTree = "<group>"; };
		18D8C12D1C19C65300402F6A /* CYSecondSubjectController.m */ = {isa = PBXFileReference; fileEncoding = 4; lastKnownFileType = sourcecode.c.objc; path = CYSecondSubjectController.m; sourceTree = "<group>"; };
		18D8C3A71C1AEC6C00967B02 /* CYJumpCell.h */ = {isa = PBXFileReference; fileEncoding = 4; lastKnownFileType = sourcecode.c.h; name = CYJumpCell.h; path = ../Controller/CYJumpCell.h; sourceTree = "<group>"; };
		18D8C3A81C1AEC6C00967B02 /* CYJumpCell.m */ = {isa = PBXFileReference; fileEncoding = 4; lastKnownFileType = sourcecode.c.objc; name = CYJumpCell.m; path = ../Controller/CYJumpCell.m; sourceTree = "<group>"; };
		18D8C3A91C1AEC6C00967B02 /* CYJumpCell.xib */ = {isa = PBXFileReference; fileEncoding = 4; lastKnownFileType = file.xib; name = CYJumpCell.xib; path = ../Controller/CYJumpCell.xib; sourceTree = "<group>"; };
		18D8C3AF1C1AF9E800967B02 /* CYJumpToCollectionView.h */ = {isa = PBXFileReference; fileEncoding = 4; lastKnownFileType = sourcecode.c.h; path = CYJumpToCollectionView.h; sourceTree = "<group>"; };
		18D8C3B01C1AF9E800967B02 /* CYJumpToCollectionView.m */ = {isa = PBXFileReference; fileEncoding = 4; lastKnownFileType = sourcecode.c.objc; path = CYJumpToCollectionView.m; sourceTree = "<group>"; };
		18DA89451C13D44400B4631D /* 驾考刷题.app */ = {isa = PBXFileReference; explicitFileType = wrapper.application; includeInIndex = 0; path = "驾考刷题.app"; sourceTree = BUILT_PRODUCTS_DIR; };
		18DA89491C13D44400B4631D /* main.m */ = {isa = PBXFileReference; lastKnownFileType = sourcecode.c.objc; path = main.m; sourceTree = "<group>"; };
		18DA894B1C13D44400B4631D /* AppDelegate.h */ = {isa = PBXFileReference; lastKnownFileType = sourcecode.c.h; name = AppDelegate.h; path = ../../../AppDelegate.h; sourceTree = "<group>"; };
		18DA894C1C13D44400B4631D /* AppDelegate.m */ = {isa = PBXFileReference; lastKnownFileType = sourcecode.c.objc; name = AppDelegate.m; path = ../../../AppDelegate.m; sourceTree = "<group>"; };
		18DA89541C13D44400B4631D /* Assets.xcassets */ = {isa = PBXFileReference; lastKnownFileType = folder.assetcatalog; path = Assets.xcassets; sourceTree = "<group>"; };
		18DA89571C13D44400B4631D /* Base */ = {isa = PBXFileReference; lastKnownFileType = file.storyboard; name = Base; path = Base.lproj/LaunchScreen.storyboard; sourceTree = "<group>"; };
		18DA89591C13D44400B4631D /* Info.plist */ = {isa = PBXFileReference; lastKnownFileType = text.plist.xml; path = Info.plist; sourceTree = "<group>"; };
		18DA895E1C13D44400B4631D /* 驾考刷题Tests.xctest */ = {isa = PBXFileReference; explicitFileType = wrapper.cfbundle; includeInIndex = 0; path = "驾考刷题Tests.xctest"; sourceTree = BUILT_PRODUCTS_DIR; };
		18DA89621C13D44400B4631D /* ____Tests.m */ = {isa = PBXFileReference; lastKnownFileType = sourcecode.c.objc; path = "____Tests.m"; sourceTree = "<group>"; };
		18DA89641C13D44400B4631D /* Info.plist */ = {isa = PBXFileReference; lastKnownFileType = text.plist.xml; path = Info.plist; sourceTree = "<group>"; };
		18DA89691C13D44400B4631D /* 驾考刷题UITests.xctest */ = {isa = PBXFileReference; explicitFileType = wrapper.cfbundle; includeInIndex = 0; path = "驾考刷题UITests.xctest"; sourceTree = BUILT_PRODUCTS_DIR; };
		18DA896D1C13D44400B4631D /* ____UITests.m */ = {isa = PBXFileReference; lastKnownFileType = sourcecode.c.objc; path = "____UITests.m"; sourceTree = "<group>"; };
		18DA896F1C13D44400B4631D /* Info.plist */ = {isa = PBXFileReference; lastKnownFileType = text.plist.xml; path = Info.plist; sourceTree = "<group>"; };
		18DA897B1C14057B00B4631D /* PrefixHeader.pch */ = {isa = PBXFileReference; fileEncoding = 4; lastKnownFileType = sourcecode.c.h; path = PrefixHeader.pch; sourceTree = "<group>"; };
		18DA89991C146B5100B4631D /* CYTabbarViewController.h */ = {isa = PBXFileReference; fileEncoding = 4; lastKnownFileType = sourcecode.c.h; path = CYTabbarViewController.h; sourceTree = "<group>"; };
		18DA899A1C146B5100B4631D /* CYTabbarViewController.m */ = {isa = PBXFileReference; fileEncoding = 4; lastKnownFileType = sourcecode.c.objc; path = CYTabbarViewController.m; sourceTree = "<group>"; };
		18DA899C1C146CB700B4631D /* CYFirstSubjectViewController.h */ = {isa = PBXFileReference; fileEncoding = 4; lastKnownFileType = sourcecode.c.h; path = CYFirstSubjectViewController.h; sourceTree = "<group>"; };
		18DA899D1C146CB700B4631D /* CYFirstSubjectViewController.m */ = {isa = PBXFileReference; fileEncoding = 4; lastKnownFileType = sourcecode.c.objc; path = CYFirstSubjectViewController.m; sourceTree = "<group>"; };
		18DA899E1C146CB700B4631D /* CYFirstSubjectViewController.xib */ = {isa = PBXFileReference; fileEncoding = 4; lastKnownFileType = file.xib; path = CYFirstSubjectViewController.xib; sourceTree = "<group>"; };
		18DA89AC1C14722F00B4631D /* CYNavigationViewController.h */ = {isa = PBXFileReference; fileEncoding = 4; lastKnownFileType = sourcecode.c.h; path = CYNavigationViewController.h; sourceTree = "<group>"; };
		18DA89AD1C14722F00B4631D /* CYNavigationViewController.m */ = {isa = PBXFileReference; fileEncoding = 4; lastKnownFileType = sourcecode.c.objc; path = CYNavigationViewController.m; sourceTree = "<group>"; };
		18DA89B91C14758D00B4631D /* CYForthSubjectViewController.h */ = {isa = PBXFileReference; fileEncoding = 4; lastKnownFileType = sourcecode.c.h; path = CYForthSubjectViewController.h; sourceTree = "<group>"; };
		18DA89BA1C14758D00B4631D /* CYForthSubjectViewController.m */ = {isa = PBXFileReference; fileEncoding = 4; lastKnownFileType = sourcecode.c.objc; path = CYForthSubjectViewController.m; sourceTree = "<group>"; };
		18DA89BB1C14758D00B4631D /* CYForthSubjectViewController.xib */ = {isa = PBXFileReference; fileEncoding = 4; lastKnownFileType = file.xib; path = CYForthSubjectViewController.xib; sourceTree = "<group>"; };
		18DA89C11C14798600B4631D /* UIBarButtonItem+Extension.h */ = {isa = PBXFileReference; fileEncoding = 4; lastKnownFileType = sourcecode.c.h; path = "UIBarButtonItem+Extension.h"; sourceTree = "<group>"; };
		18DA89C21C14798600B4631D /* UIBarButtonItem+Extension.m */ = {isa = PBXFileReference; fileEncoding = 4; lastKnownFileType = sourcecode.c.objc; path = "UIBarButtonItem+Extension.m"; sourceTree = "<group>"; };
		18DA89C31C14798600B4631D /* UIView+Extension.h */ = {isa = PBXFileReference; fileEncoding = 4; lastKnownFileType = sourcecode.c.h; path = "UIView+Extension.h"; sourceTree = "<group>"; };
		18DA89C41C14798600B4631D /* UIView+Extension.m */ = {isa = PBXFileReference; fileEncoding = 4; lastKnownFileType = sourcecode.c.objc; path = "UIView+Extension.m"; sourceTree = "<group>"; };
		18DA89C71C14844200B4631D /* CYTabbar.h */ = {isa = PBXFileReference; fileEncoding = 4; lastKnownFileType = sourcecode.c.h; path = CYTabbar.h; sourceTree = "<group>"; };
		18DA89C81C14844200B4631D /* CYTabbar.m */ = {isa = PBXFileReference; fileEncoding = 4; lastKnownFileType = sourcecode.c.objc; path = CYTabbar.m; sourceTree = "<group>"; };
		18DBCB551C194AA9002090D8 /* CYHeadView.xib */ = {isa = PBXFileReference; fileEncoding = 4; lastKnownFileType = file.xib; path = CYHeadView.xib; sourceTree = "<group>"; };
		18DBCB571C194DEF002090D8 /* CYHeaderView.h */ = {isa = PBXFileReference; fileEncoding = 4; lastKnownFileType = sourcecode.c.h; path = CYHeaderView.h; sourceTree = "<group>"; };
		18DBCB581C194DEF002090D8 /* CYHeaderView.m */ = {isa = PBXFileReference; fileEncoding = 4; lastKnownFileType = sourcecode.c.objc; path = CYHeaderView.m; sourceTree = "<group>"; };
		18F637501C1D011A0098F30C /* MKAnnotationView+WebCache.h */ = {isa = PBXFileReference; fileEncoding = 4; lastKnownFileType = sourcecode.c.h; path = "MKAnnotationView+WebCache.h"; sourceTree = "<group>"; };
		18F637511C1D011A0098F30C /* MKAnnotationView+WebCache.m */ = {isa = PBXFileReference; fileEncoding = 4; lastKnownFileType = sourcecode.c.objc; path = "MKAnnotationView+WebCache.m"; sourceTree = "<group>"; };
		18F637521C1D011A0098F30C /* NSData+ImageContentType.h */ = {isa = PBXFileReference; fileEncoding = 4; lastKnownFileType = sourcecode.c.h; path = "NSData+ImageContentType.h"; sourceTree = "<group>"; };
		18F637531C1D011A0098F30C /* NSData+ImageContentType.m */ = {isa = PBXFileReference; fileEncoding = 4; lastKnownFileType = sourcecode.c.objc; path = "NSData+ImageContentType.m"; sourceTree = "<group>"; };
		18F637541C1D011A0098F30C /* SDImageCache.h */ = {isa = PBXFileReference; fileEncoding = 4; lastKnownFileType = sourcecode.c.h; path = SDImageCache.h; sourceTree = "<group>"; };
		18F637551C1D011A0098F30C /* SDImageCache.m */ = {isa = PBXFileReference; fileEncoding = 4; lastKnownFileType = sourcecode.c.objc; path = SDImageCache.m; sourceTree = "<group>"; };
		18F637561C1D011A0098F30C /* SDWebImageCompat.h */ = {isa = PBXFileReference; fileEncoding = 4; lastKnownFileType = sourcecode.c.h; path = SDWebImageCompat.h; sourceTree = "<group>"; };
		18F637571C1D011A0098F30C /* SDWebImageCompat.m */ = {isa = PBXFileReference; fileEncoding = 4; lastKnownFileType = sourcecode.c.objc; path = SDWebImageCompat.m; sourceTree = "<group>"; };
		18F637581C1D011A0098F30C /* SDWebImageDecoder.h */ = {isa = PBXFileReference; fileEncoding = 4; lastKnownFileType = sourcecode.c.h; path = SDWebImageDecoder.h; sourceTree = "<group>"; };
		18F637591C1D011A0098F30C /* SDWebImageDecoder.m */ = {isa = PBXFileReference; fileEncoding = 4; lastKnownFileType = sourcecode.c.objc; path = SDWebImageDecoder.m; sourceTree = "<group>"; };
		18F6375A1C1D011A0098F30C /* SDWebImageDownloader.h */ = {isa = PBXFileReference; fileEncoding = 4; lastKnownFileType = sourcecode.c.h; path = SDWebImageDownloader.h; sourceTree = "<group>"; };
		18F6375B1C1D011A0098F30C /* SDWebImageDownloader.m */ = {isa = PBXFileReference; fileEncoding = 4; lastKnownFileType = sourcecode.c.objc; path = SDWebImageDownloader.m; sourceTree = "<group>"; };
		18F6375C1C1D011A0098F30C /* SDWebImageDownloaderOperation.h */ = {isa = PBXFileReference; fileEncoding = 4; lastKnownFileType = sourcecode.c.h; path = SDWebImageDownloaderOperation.h; sourceTree = "<group>"; };
		18F6375D1C1D011A0098F30C /* SDWebImageDownloaderOperation.m */ = {isa = PBXFileReference; fileEncoding = 4; lastKnownFileType = sourcecode.c.objc; path = SDWebImageDownloaderOperation.m; sourceTree = "<group>"; };
		18F6375E1C1D011A0098F30C /* SDWebImageManager.h */ = {isa = PBXFileReference; fileEncoding = 4; lastKnownFileType = sourcecode.c.h; path = SDWebImageManager.h; sourceTree = "<group>"; };
		18F6375F1C1D011A0098F30C /* SDWebImageManager.m */ = {isa = PBXFileReference; fileEncoding = 4; lastKnownFileType = sourcecode.c.objc; path = SDWebImageManager.m; sourceTree = "<group>"; };
		18F637601C1D011A0098F30C /* SDWebImageOperation.h */ = {isa = PBXFileReference; fileEncoding = 4; lastKnownFileType = sourcecode.c.h; path = SDWebImageOperation.h; sourceTree = "<group>"; };
		18F637611C1D011A0098F30C /* SDWebImagePrefetcher.h */ = {isa = PBXFileReference; fileEncoding = 4; lastKnownFileType = sourcecode.c.h; path = SDWebImagePrefetcher.h; sourceTree = "<group>"; };
		18F637621C1D011A0098F30C /* SDWebImagePrefetcher.m */ = {isa = PBXFileReference; fileEncoding = 4; lastKnownFileType = sourcecode.c.objc; path = SDWebImagePrefetcher.m; sourceTree = "<group>"; };
		18F637631C1D011A0098F30C /* UIButton+WebCache.h */ = {isa = PBXFileReference; fileEncoding = 4; lastKnownFileType = sourcecode.c.h; path = "UIButton+WebCache.h"; sourceTree = "<group>"; };
		18F637641C1D011A0098F30C /* UIButton+WebCache.m */ = {isa = PBXFileReference; fileEncoding = 4; lastKnownFileType = sourcecode.c.objc; path = "UIButton+WebCache.m"; sourceTree = "<group>"; };
		18F637651C1D011A0098F30C /* UIImage+GIF.h */ = {isa = PBXFileReference; fileEncoding = 4; lastKnownFileType = sourcecode.c.h; path = "UIImage+GIF.h"; sourceTree = "<group>"; };
		18F637661C1D011A0098F30C /* UIImage+GIF.m */ = {isa = PBXFileReference; fileEncoding = 4; lastKnownFileType = sourcecode.c.objc; path = "UIImage+GIF.m"; sourceTree = "<group>"; };
		18F637671C1D011A0098F30C /* UIImage+MultiFormat.h */ = {isa = PBXFileReference; fileEncoding = 4; lastKnownFileType = sourcecode.c.h; path = "UIImage+MultiFormat.h"; sourceTree = "<group>"; };
		18F637681C1D011A0098F30C /* UIImage+MultiFormat.m */ = {isa = PBXFileReference; fileEncoding = 4; lastKnownFileType = sourcecode.c.objc; path = "UIImage+MultiFormat.m"; sourceTree = "<group>"; };
		18F637691C1D011A0098F30C /* UIImage+WebP.h */ = {isa = PBXFileReference; fileEncoding = 4; lastKnownFileType = sourcecode.c.h; path = "UIImage+WebP.h"; sourceTree = "<group>"; };
		18F6376A1C1D011A0098F30C /* UIImage+WebP.m */ = {isa = PBXFileReference; fileEncoding = 4; lastKnownFileType = sourcecode.c.objc; path = "UIImage+WebP.m"; sourceTree = "<group>"; };
		18F6376B1C1D011A0098F30C /* UIImageView+HighlightedWebCache.h */ = {isa = PBXFileReference; fileEncoding = 4; lastKnownFileType = sourcecode.c.h; path = "UIImageView+HighlightedWebCache.h"; sourceTree = "<group>"; };
		18F6376C1C1D011A0098F30C /* UIImageView+HighlightedWebCache.m */ = {isa = PBXFileReference; fileEncoding = 4; lastKnownFileType = sourcecode.c.objc; path = "UIImageView+HighlightedWebCache.m"; sourceTree = "<group>"; };
		18F6376D1C1D011A0098F30C /* UIImageView+WebCache.h */ = {isa = PBXFileReference; fileEncoding = 4; lastKnownFileType = sourcecode.c.h; path = "UIImageView+WebCache.h"; sourceTree = "<group>"; };
		18F6376E1C1D011A0098F30C /* UIImageView+WebCache.m */ = {isa = PBXFileReference; fileEncoding = 4; lastKnownFileType = sourcecode.c.objc; path = "UIImageView+WebCache.m"; sourceTree = "<group>"; };
		18F6376F1C1D011A0098F30C /* UIView+WebCacheOperation.h */ = {isa = PBXFileReference; fileEncoding = 4; lastKnownFileType = sourcecode.c.h; path = "UIView+WebCacheOperation.h"; sourceTree = "<group>"; };
		18F637701C1D011A0098F30C /* UIView+WebCacheOperation.m */ = {isa = PBXFileReference; fileEncoding = 4; lastKnownFileType = sourcecode.c.objc; path = "UIView+WebCacheOperation.m"; sourceTree = "<group>"; };
		18F637871C1D125A0098F30C /* CYSaveQuestionModelTool.h */ = {isa = PBXFileReference; fileEncoding = 4; lastKnownFileType = sourcecode.c.h; path = CYSaveQuestionModelTool.h; sourceTree = "<group>"; };
		18F637881C1D125A0098F30C /* CYSaveQuestionModelTool.m */ = {isa = PBXFileReference; fileEncoding = 4; lastKnownFileType = sourcecode.c.objc; path = CYSaveQuestionModelTool.m; sourceTree = "<group>"; };
		18F6379F1C1D30A40098F30C /* AFHTTPRequestOperation.h */ = {isa = PBXFileReference; fileEncoding = 4; lastKnownFileType = sourcecode.c.h; path = AFHTTPRequestOperation.h; sourceTree = "<group>"; };
		18F637A01C1D30A40098F30C /* AFHTTPRequestOperation.m */ = {isa = PBXFileReference; fileEncoding = 4; lastKnownFileType = sourcecode.c.objc; path = AFHTTPRequestOperation.m; sourceTree = "<group>"; };
		18F637A11C1D30A40098F30C /* AFHTTPRequestOperationManager.h */ = {isa = PBXFileReference; fileEncoding = 4; lastKnownFileType = sourcecode.c.h; path = AFHTTPRequestOperationManager.h; sourceTree = "<group>"; };
		18F637A21C1D30A40098F30C /* AFHTTPRequestOperationManager.m */ = {isa = PBXFileReference; fileEncoding = 4; lastKnownFileType = sourcecode.c.objc; path = AFHTTPRequestOperationManager.m; sourceTree = "<group>"; };
		18F637A31C1D30A40098F30C /* AFHTTPSessionManager.h */ = {isa = PBXFileReference; fileEncoding = 4; lastKnownFileType = sourcecode.c.h; path = AFHTTPSessionManager.h; sourceTree = "<group>"; };
		18F637A41C1D30A40098F30C /* AFHTTPSessionManager.m */ = {isa = PBXFileReference; fileEncoding = 4; lastKnownFileType = sourcecode.c.objc; path = AFHTTPSessionManager.m; sourceTree = "<group>"; };
		18F637A51C1D30A40098F30C /* AFNetworking.h */ = {isa = PBXFileReference; fileEncoding = 4; lastKnownFileType = sourcecode.c.h; path = AFNetworking.h; sourceTree = "<group>"; };
		18F637A61C1D30A40098F30C /* AFNetworkReachabilityManager.h */ = {isa = PBXFileReference; fileEncoding = 4; lastKnownFileType = sourcecode.c.h; path = AFNetworkReachabilityManager.h; sourceTree = "<group>"; };
		18F637A71C1D30A40098F30C /* AFNetworkReachabilityManager.m */ = {isa = PBXFileReference; fileEncoding = 4; lastKnownFileType = sourcecode.c.objc; path = AFNetworkReachabilityManager.m; sourceTree = "<group>"; };
		18F637A81C1D30A40098F30C /* AFSecurityPolicy.h */ = {isa = PBXFileReference; fileEncoding = 4; lastKnownFileType = sourcecode.c.h; path = AFSecurityPolicy.h; sourceTree = "<group>"; };
		18F637A91C1D30A40098F30C /* AFSecurityPolicy.m */ = {isa = PBXFileReference; fileEncoding = 4; lastKnownFileType = sourcecode.c.objc; path = AFSecurityPolicy.m; sourceTree = "<group>"; };
		18F637AA1C1D30A40098F30C /* AFURLConnectionOperation.h */ = {isa = PBXFileReference; fileEncoding = 4; lastKnownFileType = sourcecode.c.h; path = AFURLConnectionOperation.h; sourceTree = "<group>"; };
		18F637AB1C1D30A40098F30C /* AFURLConnectionOperation.m */ = {isa = PBXFileReference; fileEncoding = 4; lastKnownFileType = sourcecode.c.objc; path = AFURLConnectionOperation.m; sourceTree = "<group>"; };
		18F637AC1C1D30A40098F30C /* AFURLRequestSerialization.h */ = {isa = PBXFileReference; fileEncoding = 4; lastKnownFileType = sourcecode.c.h; path = AFURLRequestSerialization.h; sourceTree = "<group>"; };
		18F637AD1C1D30A40098F30C /* AFURLRequestSerialization.m */ = {isa = PBXFileReference; fileEncoding = 4; lastKnownFileType = sourcecode.c.objc; path = AFURLRequestSerialization.m; sourceTree = "<group>"; };
		18F637AE1C1D30A40098F30C /* AFURLResponseSerialization.h */ = {isa = PBXFileReference; fileEncoding = 4; lastKnownFileType = sourcecode.c.h; path = AFURLResponseSerialization.h; sourceTree = "<group>"; };
		18F637AF1C1D30A40098F30C /* AFURLResponseSerialization.m */ = {isa = PBXFileReference; fileEncoding = 4; lastKnownFileType = sourcecode.c.objc; path = AFURLResponseSerialization.m; sourceTree = "<group>"; };
		18F637B01C1D30A40098F30C /* AFURLSessionManager.h */ = {isa = PBXFileReference; fileEncoding = 4; lastKnownFileType = sourcecode.c.h; path = AFURLSessionManager.h; sourceTree = "<group>"; };
		18F637B11C1D30A40098F30C /* AFURLSessionManager.m */ = {isa = PBXFileReference; fileEncoding = 4; lastKnownFileType = sourcecode.c.objc; path = AFURLSessionManager.m; sourceTree = "<group>"; };
		18F637BB1C1D3B360098F30C /* Foundation+Log.m */ = {isa = PBXFileReference; fileEncoding = 4; lastKnownFileType = sourcecode.c.objc; path = "Foundation+Log.m"; sourceTree = "<group>"; };
		18F637CB1C1D6E290098F30C /* CYQuestionCell.xib */ = {isa = PBXFileReference; fileEncoding = 4; lastKnownFileType = file.xib; path = CYQuestionCell.xib; sourceTree = "<group>"; };
		18FD4F261C170A0500D01D96 /* CYProductShareViewController.h */ = {isa = PBXFileReference; fileEncoding = 4; lastKnownFileType = sourcecode.c.h; path = CYProductShareViewController.h; sourceTree = "<group>"; };
		18FD4F271C170A0500D01D96 /* CYProductShareViewController.m */ = {isa = PBXFileReference; fileEncoding = 4; lastKnownFileType = sourcecode.c.objc; path = CYProductShareViewController.m; sourceTree = "<group>"; };
		18FD4F501C170F4900D01D96 /* CYProduct.h */ = {isa = PBXFileReference; fileEncoding = 4; lastKnownFileType = sourcecode.c.h; path = CYProduct.h; sourceTree = "<group>"; };
		18FD4F511C170F4900D01D96 /* CYProduct.m */ = {isa = PBXFileReference; fileEncoding = 4; lastKnownFileType = sourcecode.c.objc; path = CYProduct.m; sourceTree = "<group>"; };
		18FD4FD51C17151400D01D96 /* CYProductCell.h */ = {isa = PBXFileReference; fileEncoding = 4; lastKnownFileType = sourcecode.c.h; path = CYProductCell.h; sourceTree = "<group>"; };
		18FD4FD61C17151400D01D96 /* CYProductCell.m */ = {isa = PBXFileReference; fileEncoding = 4; lastKnownFileType = sourcecode.c.objc; path = CYProductCell.m; sourceTree = "<group>"; };
		18FD4FD71C17151400D01D96 /* CYProductCell.xib */ = {isa = PBXFileReference; fileEncoding = 4; lastKnownFileType = file.xib; path = CYProductCell.xib; sourceTree = "<group>"; };
		9D56638B8F0386810C71CB4A /* libPods.a */ = {isa = PBXFileReference; explicitFileType = archive.ar; includeInIndex = 0; path = libPods.a; sourceTree = BUILT_PRODUCTS_DIR; };
		BB753EE1F56EF8BC924E4D1C /* Pods.release.xcconfig */ = {isa = PBXFileReference; includeInIndex = 1; lastKnownFileType = text.xcconfig; name = Pods.release.xcconfig; path = "Pods/Target Support Files/Pods/Pods.release.xcconfig"; sourceTree = "<group>"; };
		F9098E73B1BB11059AF68843 /* Pods.debug.xcconfig */ = {isa = PBXFileReference; includeInIndex = 1; lastKnownFileType = text.xcconfig; name = Pods.debug.xcconfig; path = "Pods/Target Support Files/Pods/Pods.debug.xcconfig"; sourceTree = "<group>"; };
/* End PBXFileReference section */

/* Begin PBXFrameworksBuildPhase section */
		18DA89421C13D44400B4631D /* Frameworks */ = {
			isa = PBXFrameworksBuildPhase;
			buildActionMask = 2147483647;
			files = (
				FC6BA1D3812CCBE8BE05FC36 /* libPods.a in Frameworks */,
			);
			runOnlyForDeploymentPostprocessing = 0;
		};
		18DA895B1C13D44400B4631D /* Frameworks */ = {
			isa = PBXFrameworksBuildPhase;
			buildActionMask = 2147483647;
			files = (
			);
			runOnlyForDeploymentPostprocessing = 0;
		};
		18DA89661C13D44400B4631D /* Frameworks */ = {
			isa = PBXFrameworksBuildPhase;
			buildActionMask = 2147483647;
			files = (
			);
			runOnlyForDeploymentPostprocessing = 0;
		};
/* End PBXFrameworksBuildPhase section */

/* Begin PBXGroup section */
		1801EA8C1C1AA7B400FA82EB /* QuestionView(答题界面) */ = {
			isa = PBXGroup;
			children = (
				1801EA8D1C1AA7B400FA82EB /* Controller */,
				1801EA8E1C1AA7B400FA82EB /* Model */,
				1801EA8F1C1AA7B400FA82EB /* Tool */,
				1801EA901C1AA7B400FA82EB /* View */,
			);
			path = "QuestionView(答题界面)";
			sourceTree = "<group>";
		};
		1801EA8D1C1AA7B400FA82EB /* Controller */ = {
			isa = PBXGroup;
			children = (
				1801EA911C1AA91300FA82EB /* CYQuestionViewController.h */,
				1801EA921C1AA91300FA82EB /* CYQuestionViewController.m */,
			);
			path = Controller;
			sourceTree = "<group>";
		};
		1801EA8E1C1AA7B400FA82EB /* Model */ = {
			isa = PBXGroup;
			children = (
				18C74CBB1C1C5B1B0080290C /* CYQuestionModel.h */,
				18C74CBC1C1C5B1B0080290C /* CYQuestionModel.m */,
			);
			path = Model;
			sourceTree = "<group>";
		};
		1801EA8F1C1AA7B400FA82EB /* Tool */ = {
			isa = PBXGroup;
			children = (
				18F637871C1D125A0098F30C /* CYSaveQuestionModelTool.h */,
				18F637881C1D125A0098F30C /* CYSaveQuestionModelTool.m */,
			);
			path = Tool;
			sourceTree = "<group>";
		};
		1801EA901C1AA7B400FA82EB /* View */ = {
			isa = PBXGroup;
			children = (
				183F323D1C1C34E2003F6618 /* CYButton.h */,
				183F323E1C1C34E2003F6618 /* CYButton.m */,
				18D8C3A71C1AEC6C00967B02 /* CYJumpCell.h */,
				18D8C3A81C1AEC6C00967B02 /* CYJumpCell.m */,
				18D8C3A91C1AEC6C00967B02 /* CYJumpCell.xib */,
				18D8C3AF1C1AF9E800967B02 /* CYJumpToCollectionView.h */,
				18D8C3B01C1AF9E800967B02 /* CYJumpToCollectionView.m */,
				1892A0781C1AC02A00BE889B /* CYJumpToCollectionView.xib */,
				183F32381C1C31D6003F6618 /* CYQuestionCell.h */,
				183F32391C1C31D6003F6618 /* CYQuestionCell.m */,
				18F637CB1C1D6E290098F30C /* CYQuestionCell.xib */,
			);
			path = View;
			sourceTree = "<group>";
		};
		1859AFCD1C19A3B20037BF56 /* Lib */ = {
			isa = PBXGroup;
			children = (
				18F6379E1C1D30A40098F30C /* AFNetworking */,
				18F6374F1C1D011A0098F30C /* SDWebImage */,
				1859AFCE1C19A4230037BF56 /* MBProgressHUD */,
				1859AFD41C19A4230037BF56 /* MMDrawerController */,
			);
			path = Lib;
			sourceTree = "<group>";
		};
		1859AFCE1C19A4230037BF56 /* MBProgressHUD */ = {
			isa = PBXGroup;
			children = (
				1859AFCF1C19A4230037BF56 /* MBProgressHUD+MJ.h */,
				1859AFD01C19A4230037BF56 /* MBProgressHUD+MJ.m */,
				1859AFD11C19A4230037BF56 /* MBProgressHUD.bundle */,
				1859AFD21C19A4230037BF56 /* MBProgressHUD.h */,
				1859AFD31C19A4230037BF56 /* MBProgressHUD.m */,
			);
			path = MBProgressHUD;
			sourceTree = "<group>";
		};
		1859AFD41C19A4230037BF56 /* MMDrawerController */ = {
			isa = PBXGroup;
			children = (
				1859AFD51C19A4230037BF56 /* MMDrawerBarButtonItem.h */,
				1859AFD61C19A4230037BF56 /* MMDrawerBarButtonItem.m */,
				1859AFD71C19A4230037BF56 /* MMDrawerController+Subclass.h */,
				1859AFD81C19A4230037BF56 /* MMDrawerController.h */,
				1859AFD91C19A4230037BF56 /* MMDrawerController.m */,
				1859AFDA1C19A4230037BF56 /* MMDrawerVisualState.h */,
				1859AFDB1C19A4230037BF56 /* MMDrawerVisualState.m */,
				1859AFDC1C19A4230037BF56 /* UIViewController+MMDrawerController.h */,
				1859AFDD1C19A4230037BF56 /* UIViewController+MMDrawerController.m */,
			);
			path = MMDrawerController;
			sourceTree = "<group>";
		};
		18D786F41C167CCB00E40F34 /* LeftDrawer(左抽屉) */ = {
			isa = PBXGroup;
			children = (
				18D786F51C167CCB00E40F34 /* Controller */,
				18D786F61C167CCB00E40F34 /* Model */,
				18D786F71C167CCB00E40F34 /* Tool */,
				18D786F81C167CCB00E40F34 /* View */,
			);
			path = "LeftDrawer(左抽屉)";
			sourceTree = "<group>";
		};
		18D786F51C167CCB00E40F34 /* Controller */ = {
			isa = PBXGroup;
			children = (
				18D8B55D1C191EB000F87435 /* CYLeftDrawerController.h */,
				18D8B55E1C191EB000F87435 /* CYLeftDrawerController.m */,
				18D8B55F1C191EB000F87435 /* CYLeftDrawerController.xib */,
			);
			path = Controller;
			sourceTree = "<group>";
		};
		18D786F61C167CCB00E40F34 /* Model */ = {
			isa = PBXGroup;
			children = (
			);
			path = Model;
			sourceTree = "<group>";
		};
		18D786F71C167CCB00E40F34 /* Tool */ = {
			isa = PBXGroup;
			children = (
			);
			path = Tool;
			sourceTree = "<group>";
		};
		18D786F81C167CCB00E40F34 /* View */ = {
			isa = PBXGroup;
			children = (
			);
			path = View;
			sourceTree = "<group>";
		};
		18D786FA1C1681E300E40F34 /* Setting(设置) */ = {
			isa = PBXGroup;
			children = (
				18D786FB1C1681E300E40F34 /* Controller */,
				18D7870E1C16B33A00E40F34 /* PushAndWarning */,
				18D786FC1C1681E300E40F34 /* Model */,
				18D786FD1C1681E300E40F34 /* Tool */,
				18D786FE1C1681E300E40F34 /* View */,
			);
			path = "Setting(设置)";
			sourceTree = "<group>";
		};
		18D786FB1C1681E300E40F34 /* Controller */ = {
			isa = PBXGroup;
			children = (
				18D787211C16CA7200E40F34 /* BaseSettingViewController.h */,
				18D787221C16CA7200E40F34 /* BaseSettingViewController.m */,
				18D786FF1C16825000E40F34 /* CYSettingViewController.h */,
				18D787001C16825000E40F34 /* CYSettingViewController.m */,
			);
			path = Controller;
			sourceTree = "<group>";
		};
		18D786FC1C1681E300E40F34 /* Model */ = {
			isa = PBXGroup;
			children = (
				18D787021C16828400E40F34 /* CYSettingItem.h */,
				18D787031C16828400E40F34 /* CYSettingItem.m */,
				18D787051C16A28400E40F34 /* CYSettingArrowItem.h */,
				18D787061C16A28400E40F34 /* CYSettingArrowItem.m */,
				18D787081C16A2AC00E40F34 /* CYSettingSwitchItem.h */,
				18D787091C16A2AC00E40F34 /* CYSettingSwitchItem.m */,
				18D7871E1C16C26100E40F34 /* CYSettingGroup.h */,
				18D7871F1C16C26100E40F34 /* CYSettingGroup.m */,
				18FD4F501C170F4900D01D96 /* CYProduct.h */,
				18FD4F511C170F4900D01D96 /* CYProduct.m */,
				18D87F051C1823DD003DC40A /* CYSettingLabelItem.h */,
				18D87F061C1823DD003DC40A /* CYSettingLabelItem.m */,
			);
			path = Model;
			sourceTree = "<group>";
		};
		18D786FD1C1681E300E40F34 /* Tool */ = {
			isa = PBXGroup;
			children = (
			);
			path = Tool;
			sourceTree = "<group>";
		};
		18D786FE1C1681E300E40F34 /* View */ = {
			isa = PBXGroup;
			children = (
				18D7870B1C16ADE900E40F34 /* CYSettingCell.h */,
				18D7870C1C16ADE900E40F34 /* CYSettingCell.m */,
				18FD4FD51C17151400D01D96 /* CYProductCell.h */,
				18FD4FD61C17151400D01D96 /* CYProductCell.m */,
				18FD4FD71C17151400D01D96 /* CYProductCell.xib */,
				18D87EFF1C181EFB003DC40A /* CYPopSelectView.h */,
				18D87F001C181EFB003DC40A /* CYPopSelectView.m */,
				18D87F0A1C1850CE003DC40A /* CYPopSelectView.xib */,
			);
			path = View;
			sourceTree = "<group>";
		};
		18D7870E1C16B33A00E40F34 /* PushAndWarning */ = {
			isa = PBXGroup;
			children = (
				18D7871B1C16C09E00E40F34 /* AboutMeViewController.h */,
				18D7871C1C16C09E00E40F34 /* AboutMeViewController.m */,
				18FD4F261C170A0500D01D96 /* CYProductShareViewController.h */,
				18FD4F271C170A0500D01D96 /* CYProductShareViewController.m */,
				189A34C51C19157600E09B86 /* CYEncourageMeController.h */,
				189A34C61C19157600E09B86 /* CYEncourageMeController.m */,
				189A34C71C19157600E09B86 /* CYEncourageMeController.xib */,
			);
			path = PushAndWarning;
			sourceTree = "<group>";
		};
		18D8C1051C19B94A00402F6A /* products */ = {
			isa = PBXGroup;
			children = (
				18D8C1061C19B94A00402F6A /* Product */,
				18D8C1171C19B94A00402F6A /* products.json */,
			);
			path = products;
			sourceTree = "<group>";
		};
		18D8C1061C19B94A00402F6A /* Product */ = {
			isa = PBXGroup;
			children = (
				18D8C1071C19B94A00402F6A /* apper@2x.png */,
				18D8C1081C19B94A00402F6A /* caipiao@2x.png */,
				18D8C1091C19B94A00402F6A /* cloudphotos@2x.png */,
				18D8C10A1C19B94A00402F6A /* fanfan@2x.png */,
				18D8C10B1C19B94A00402F6A /* huihui@2x.png */,
				18D8C10C1C19B94A00402F6A /* icon_back@2x.png */,
				18D8C10D1C19B94A00402F6A /* magicbook@2x.png */,
				18D8C10E1C19B94A00402F6A /* movie@2x.png */,
				18D8C10F1C19B94A00402F6A /* newb@2x.png */,
				18D8C1101C19B94A00402F6A /* newsapp@2x.png */,
				18D8C1111C19B94A00402F6A /* open@2x.png */,
				18D8C1121C19B94A00402F6A /* reader@2x.png */,
				18D8C1131C19B94A00402F6A /* shoujiyou@2x.png */,
				18D8C1141C19B94A00402F6A /* tvguide@2x.png */,
				18D8C1151C19B94A00402F6A /* youdao@2x.png */,
				18D8C1161C19B94A00402F6A /* youdaonote@2x.png */,
			);
			path = Product;
			sourceTree = "<group>";
		};
		18DA893C1C13D44400B4631D = {
			isa = PBXGroup;
			children = (
				18DA89471C13D44400B4631D /* 驾考刷题 */,
				18DA89611C13D44400B4631D /* 驾考刷题Tests */,
				18DA896C1C13D44400B4631D /* 驾考刷题UITests */,
				18DA89461C13D44400B4631D /* Products */,
				DAB0D7727E5EE3836EBE8A58 /* Pods */,
				83DACD4132D39FA22255510D /* Frameworks */,
			);
			sourceTree = "<group>";
		};
		18DA89461C13D44400B4631D /* Products */ = {
			isa = PBXGroup;
			children = (
				18DA89451C13D44400B4631D /* 驾考刷题.app */,
				18DA895E1C13D44400B4631D /* 驾考刷题Tests.xctest */,
				18DA89691C13D44400B4631D /* 驾考刷题UITests.xctest */,
			);
			name = Products;
			sourceTree = "<group>";
		};
		18DA89471C13D44400B4631D /* 驾考刷题 */ = {
			isa = PBXGroup;
			children = (
				18DA897C1C14283E00B4631D /* Classes */,
				18DA89481C13D44400B4631D /* Supporting Files */,
			);
			path = "驾考刷题";
			sourceTree = "<group>";
		};
		18DA89481C13D44400B4631D /* Supporting Files */ = {
			isa = PBXGroup;
			children = (
				18D8C1051C19B94A00402F6A /* products */,
				18DA89541C13D44400B4631D /* Assets.xcassets */,
				18DA89561C13D44400B4631D /* LaunchScreen.storyboard */,
				18DA89591C13D44400B4631D /* Info.plist */,
				18DA89491C13D44400B4631D /* main.m */,
				18DA897B1C14057B00B4631D /* PrefixHeader.pch */,
			);
			name = "Supporting Files";
			sourceTree = "<group>";
		};
		18DA89611C13D44400B4631D /* 驾考刷题Tests */ = {
			isa = PBXGroup;
			children = (
				18DA89621C13D44400B4631D /* ____Tests.m */,
				18DA89641C13D44400B4631D /* Info.plist */,
			);
			path = "驾考刷题Tests";
			sourceTree = "<group>";
		};
		18DA896C1C13D44400B4631D /* 驾考刷题UITests */ = {
			isa = PBXGroup;
			children = (
				18DA896D1C13D44400B4631D /* ____UITests.m */,
				18DA896F1C13D44400B4631D /* Info.plist */,
			);
			path = "驾考刷题UITests";
			sourceTree = "<group>";
		};
		18DA897C1C14283E00B4631D /* Classes */ = {
			isa = PBXGroup;
			children = (
				1801EA8C1C1AA7B400FA82EB /* QuestionView(答题界面) */,
				18D786FA1C1681E300E40F34 /* Setting(设置) */,
				18D786F41C167CCB00E40F34 /* LeftDrawer(左抽屉) */,
				18DA897D1C14283E00B4631D /* FirstSubject(科目一) */,
				18DA898F1C14283F00B4631D /* SecondSubject(科目二) */,
				18DA89941C14283F00B4631D /* ThirdSubject(科目三) */,
				18DA89821C14283E00B4631D /* ForthSubject(科目四) */,
				18DA89871C14283E00B4631D /* Main(主要) */,
			);
			path = Classes;
			sourceTree = "<group>";
		};
		18DA897D1C14283E00B4631D /* FirstSubject(科目一) */ = {
			isa = PBXGroup;
			children = (
				18DA897E1C14283E00B4631D /* Controller */,
				18DA897F1C14283E00B4631D /* Model */,
				18DA89801C14283E00B4631D /* Tool */,
				18DA89811C14283E00B4631D /* View */,
			);
			path = "FirstSubject(科目一)";
			sourceTree = "<group>";
		};
		18DA897E1C14283E00B4631D /* Controller */ = {
			isa = PBXGroup;
			children = (
				18DA899C1C146CB700B4631D /* CYFirstSubjectViewController.h */,
				18DA899D1C146CB700B4631D /* CYFirstSubjectViewController.m */,
				18DA899E1C146CB700B4631D /* CYFirstSubjectViewController.xib */,
			);
			path = Controller;
			sourceTree = "<group>";
		};
		18DA897F1C14283E00B4631D /* Model */ = {
			isa = PBXGroup;
			children = (
			);
			path = Model;
			sourceTree = "<group>";
		};
		18DA89801C14283E00B4631D /* Tool */ = {
			isa = PBXGroup;
			children = (
			);
			path = Tool;
			sourceTree = "<group>";
		};
		18DA89811C14283E00B4631D /* View */ = {
			isa = PBXGroup;
			children = (
			);
			path = View;
			sourceTree = "<group>";
		};
		18DA89821C14283E00B4631D /* ForthSubject(科目四) */ = {
			isa = PBXGroup;
			children = (
				18DA89831C14283E00B4631D /* Controller */,
				18DA89841C14283E00B4631D /* Model */,
				18DA89851C14283E00B4631D /* Tool */,
				18DA89861C14283E00B4631D /* View */,
			);
			path = "ForthSubject(科目四)";
			sourceTree = "<group>";
		};
		18DA89831C14283E00B4631D /* Controller */ = {
			isa = PBXGroup;
			children = (
				18DA89B91C14758D00B4631D /* CYForthSubjectViewController.h */,
				18DA89BA1C14758D00B4631D /* CYForthSubjectViewController.m */,
				18DA89BB1C14758D00B4631D /* CYForthSubjectViewController.xib */,
			);
			path = Controller;
			sourceTree = "<group>";
		};
		18DA89841C14283E00B4631D /* Model */ = {
			isa = PBXGroup;
			children = (
			);
			path = Model;
			sourceTree = "<group>";
		};
		18DA89851C14283E00B4631D /* Tool */ = {
			isa = PBXGroup;
			children = (
			);
			path = Tool;
			sourceTree = "<group>";
		};
		18DA89861C14283E00B4631D /* View */ = {
			isa = PBXGroup;
			children = (
			);
			path = View;
			sourceTree = "<group>";
		};
		18DA89871C14283E00B4631D /* Main(主要) */ = {
			isa = PBXGroup;
			children = (
				1859AFCD1C19A3B20037BF56 /* Lib */,
				18DA89881C14283F00B4631D /* Category */,
				18DA89891C14283F00B4631D /* Controller */,
				18DA898B1C14283F00B4631D /* Model */,
				18DA898C1C14283F00B4631D /* Other */,
				18DA898D1C14283F00B4631D /* Tool */,
				18DA898E1C14283F00B4631D /* View */,
			);
			path = "Main(主要)";
			sourceTree = "<group>";
		};
		18DA89881C14283F00B4631D /* Category */ = {
			isa = PBXGroup;
			children = (
				18F637BB1C1D3B360098F30C /* Foundation+Log.m */,
				18DA89C11C14798600B4631D /* UIBarButtonItem+Extension.h */,
				18DA89C21C14798600B4631D /* UIBarButtonItem+Extension.m */,
				18DA89C31C14798600B4631D /* UIView+Extension.h */,
				18DA89C41C14798600B4631D /* UIView+Extension.m */,
			);
			path = Category;
			sourceTree = "<group>";
		};
		18DA89891C14283F00B4631D /* Controller */ = {
			isa = PBXGroup;
			children = (
				18DA89991C146B5100B4631D /* CYTabbarViewController.h */,
				18DA899A1C146B5100B4631D /* CYTabbarViewController.m */,
				18DA89AC1C14722F00B4631D /* CYNavigationViewController.h */,
				18DA89AD1C14722F00B4631D /* CYNavigationViewController.m */,
			);
			path = Controller;
			sourceTree = "<group>";
		};
		18DA898B1C14283F00B4631D /* Model */ = {
			isa = PBXGroup;
			children = (
			);
			path = Model;
			sourceTree = "<group>";
		};
		18DA898C1C14283F00B4631D /* Other */ = {
			isa = PBXGroup;
			children = (
				18DA894B1C13D44400B4631D /* AppDelegate.h */,
				18DA894C1C13D44400B4631D /* AppDelegate.m */,
			);
			path = Other;
			sourceTree = "<group>";
		};
		18DA898D1C14283F00B4631D /* Tool */ = {
			isa = PBXGroup;
			children = (
			);
			path = Tool;
			sourceTree = "<group>";
		};
		18DA898E1C14283F00B4631D /* View */ = {
			isa = PBXGroup;
			children = (
				18DA89C71C14844200B4631D /* CYTabbar.h */,
				18DA89C81C14844200B4631D /* CYTabbar.m */,
			);
			path = View;
			sourceTree = "<group>";
		};
		18DA898F1C14283F00B4631D /* SecondSubject(科目二) */ = {
			isa = PBXGroup;
			children = (
				18DA89901C14283F00B4631D /* Controller */,
				18DA89911C14283F00B4631D /* Model */,
				18DA89921C14283F00B4631D /* Tool */,
				18DA89931C14283F00B4631D /* View */,
			);
			path = "SecondSubject(科目二)";
			sourceTree = "<group>";
		};
		18DA89901C14283F00B4631D /* Controller */ = {
			isa = PBXGroup;
			children = (
				18D8C12C1C19C65300402F6A /* CYSecondSubjectController.h */,
				18D8C12D1C19C65300402F6A /* CYSecondSubjectController.m */,
			);
			path = Controller;
			sourceTree = "<group>";
		};
		18DA89911C14283F00B4631D /* Model */ = {
			isa = PBXGroup;
			children = (
			);
			path = Model;
			sourceTree = "<group>";
		};
		18DA89921C14283F00B4631D /* Tool */ = {
			isa = PBXGroup;
			children = (
			);
			path = Tool;
			sourceTree = "<group>";
		};
		18DA89931C14283F00B4631D /* View */ = {
			isa = PBXGroup;
			children = (
				18DBCB571C194DEF002090D8 /* CYHeaderView.h */,
				18DBCB581C194DEF002090D8 /* CYHeaderView.m */,
				18DBCB551C194AA9002090D8 /* CYHeadView.xib */,
			);
			path = View;
			sourceTree = "<group>";
		};
		18DA89941C14283F00B4631D /* ThirdSubject(科目三) */ = {
			isa = PBXGroup;
			children = (
				18DA89951C14283F00B4631D /* Controller */,
				18DA89961C14283F00B4631D /* Model */,
				18DA89971C14283F00B4631D /* Tool */,
				18DA89981C14283F00B4631D /* View */,
			);
			path = "ThirdSubject(科目三)";
			sourceTree = "<group>";
		};
		18DA89951C14283F00B4631D /* Controller */ = {
			isa = PBXGroup;
			children = (
				18D8C1001C19B2F800402F6A /* CYthirdSubjectViewController.h */,
				18D8C1011C19B2F800402F6A /* CYthirdSubjectViewController.m */,
				18D8C1021C19B2F800402F6A /* CYthirdSubjectViewController.xib */,
			);
			path = Controller;
			sourceTree = "<group>";
		};
		18DA89961C14283F00B4631D /* Model */ = {
			isa = PBXGroup;
			children = (
			);
			path = Model;
			sourceTree = "<group>";
		};
		18DA89971C14283F00B4631D /* Tool */ = {
			isa = PBXGroup;
			children = (
			);
			path = Tool;
			sourceTree = "<group>";
		};
		18DA89981C14283F00B4631D /* View */ = {
			isa = PBXGroup;
			children = (
			);
			path = View;
			sourceTree = "<group>";
		};
		18F6374F1C1D011A0098F30C /* SDWebImage */ = {
			isa = PBXGroup;
			children = (
				18F637501C1D011A0098F30C /* MKAnnotationView+WebCache.h */,
				18F637511C1D011A0098F30C /* MKAnnotationView+WebCache.m */,
				18F637521C1D011A0098F30C /* NSData+ImageContentType.h */,
				18F637531C1D011A0098F30C /* NSData+ImageContentType.m */,
				18F637541C1D011A0098F30C /* SDImageCache.h */,
				18F637551C1D011A0098F30C /* SDImageCache.m */,
				18F637561C1D011A0098F30C /* SDWebImageCompat.h */,
				18F637571C1D011A0098F30C /* SDWebImageCompat.m */,
				18F637581C1D011A0098F30C /* SDWebImageDecoder.h */,
				18F637591C1D011A0098F30C /* SDWebImageDecoder.m */,
				18F6375A1C1D011A0098F30C /* SDWebImageDownloader.h */,
				18F6375B1C1D011A0098F30C /* SDWebImageDownloader.m */,
				18F6375C1C1D011A0098F30C /* SDWebImageDownloaderOperation.h */,
				18F6375D1C1D011A0098F30C /* SDWebImageDownloaderOperation.m */,
				18F6375E1C1D011A0098F30C /* SDWebImageManager.h */,
				18F6375F1C1D011A0098F30C /* SDWebImageManager.m */,
				18F637601C1D011A0098F30C /* SDWebImageOperation.h */,
				18F637611C1D011A0098F30C /* SDWebImagePrefetcher.h */,
				18F637621C1D011A0098F30C /* SDWebImagePrefetcher.m */,
				18F637631C1D011A0098F30C /* UIButton+WebCache.h */,
				18F637641C1D011A0098F30C /* UIButton+WebCache.m */,
				18F637651C1D011A0098F30C /* UIImage+GIF.h */,
				18F637661C1D011A0098F30C /* UIImage+GIF.m */,
				18F637671C1D011A0098F30C /* UIImage+MultiFormat.h */,
				18F637681C1D011A0098F30C /* UIImage+MultiFormat.m */,
				18F637691C1D011A0098F30C /* UIImage+WebP.h */,
				18F6376A1C1D011A0098F30C /* UIImage+WebP.m */,
				18F6376B1C1D011A0098F30C /* UIImageView+HighlightedWebCache.h */,
				18F6376C1C1D011A0098F30C /* UIImageView+HighlightedWebCache.m */,
				18F6376D1C1D011A0098F30C /* UIImageView+WebCache.h */,
				18F6376E1C1D011A0098F30C /* UIImageView+WebCache.m */,
				18F6376F1C1D011A0098F30C /* UIView+WebCacheOperation.h */,
				18F637701C1D011A0098F30C /* UIView+WebCacheOperation.m */,
			);
			path = SDWebImage;
			sourceTree = "<group>";
		};
		18F6379E1C1D30A40098F30C /* AFNetworking */ = {
			isa = PBXGroup;
			children = (
				18F6379F1C1D30A40098F30C /* AFHTTPRequestOperation.h */,
				18F637A01C1D30A40098F30C /* AFHTTPRequestOperation.m */,
				18F637A11C1D30A40098F30C /* AFHTTPRequestOperationManager.h */,
				18F637A21C1D30A40098F30C /* AFHTTPRequestOperationManager.m */,
				18F637A31C1D30A40098F30C /* AFHTTPSessionManager.h */,
				18F637A41C1D30A40098F30C /* AFHTTPSessionManager.m */,
				18F637A51C1D30A40098F30C /* AFNetworking.h */,
				18F637A61C1D30A40098F30C /* AFNetworkReachabilityManager.h */,
				18F637A71C1D30A40098F30C /* AFNetworkReachabilityManager.m */,
				18F637A81C1D30A40098F30C /* AFSecurityPolicy.h */,
				18F637A91C1D30A40098F30C /* AFSecurityPolicy.m */,
				18F637AA1C1D30A40098F30C /* AFURLConnectionOperation.h */,
				18F637AB1C1D30A40098F30C /* AFURLConnectionOperation.m */,
				18F637AC1C1D30A40098F30C /* AFURLRequestSerialization.h */,
				18F637AD1C1D30A40098F30C /* AFURLRequestSerialization.m */,
				18F637AE1C1D30A40098F30C /* AFURLResponseSerialization.h */,
				18F637AF1C1D30A40098F30C /* AFURLResponseSerialization.m */,
				18F637B01C1D30A40098F30C /* AFURLSessionManager.h */,
				18F637B11C1D30A40098F30C /* AFURLSessionManager.m */,
			);
			path = AFNetworking;
			sourceTree = "<group>";
		};
		83DACD4132D39FA22255510D /* Frameworks */ = {
			isa = PBXGroup;
			children = (
				9D56638B8F0386810C71CB4A /* libPods.a */,
			);
			name = Frameworks;
			sourceTree = "<group>";
		};
		DAB0D7727E5EE3836EBE8A58 /* Pods */ = {
			isa = PBXGroup;
			children = (
				F9098E73B1BB11059AF68843 /* Pods.debug.xcconfig */,
				BB753EE1F56EF8BC924E4D1C /* Pods.release.xcconfig */,
			);
			name = Pods;
			sourceTree = "<group>";
		};
/* End PBXGroup section */

/* Begin PBXNativeTarget section */
		18DA89441C13D44400B4631D /* 驾考刷题 */ = {
			isa = PBXNativeTarget;
			buildConfigurationList = 18DA89721C13D44400B4631D /* Build configuration list for PBXNativeTarget "驾考刷题" */;
			buildPhases = (
				A966F4AA2472C7E846A24F84 /* Check Pods Manifest.lock */,
				18DA89411C13D44400B4631D /* Sources */,
				18DA89421C13D44400B4631D /* Frameworks */,
				18DA89431C13D44400B4631D /* Resources */,
				2DA602D7A4A51E9F20EF3A76 /* Embed Pods Frameworks */,
				A3A3DC04EE46F4F331277AEC /* Copy Pods Resources */,
			);
			buildRules = (
			);
			dependencies = (
			);
			name = "驾考刷题";
			productName = "驾考刷题";
			productReference = 18DA89451C13D44400B4631D /* 驾考刷题.app */;
			productType = "com.apple.product-type.application";
		};
		18DA895D1C13D44400B4631D /* 驾考刷题Tests */ = {
			isa = PBXNativeTarget;
			buildConfigurationList = 18DA89751C13D44400B4631D /* Build configuration list for PBXNativeTarget "驾考刷题Tests" */;
			buildPhases = (
				18DA895A1C13D44400B4631D /* Sources */,
				18DA895B1C13D44400B4631D /* Frameworks */,
				18DA895C1C13D44400B4631D /* Resources */,
			);
			buildRules = (
			);
			dependencies = (
				18DA89601C13D44400B4631D /* PBXTargetDependency */,
			);
			name = "驾考刷题Tests";
			productName = "驾考刷题Tests";
			productReference = 18DA895E1C13D44400B4631D /* 驾考刷题Tests.xctest */;
			productType = "com.apple.product-type.bundle.unit-test";
		};
		18DA89681C13D44400B4631D /* 驾考刷题UITests */ = {
			isa = PBXNativeTarget;
			buildConfigurationList = 18DA89781C13D44400B4631D /* Build configuration list for PBXNativeTarget "驾考刷题UITests" */;
			buildPhases = (
				18DA89651C13D44400B4631D /* Sources */,
				18DA89661C13D44400B4631D /* Frameworks */,
				18DA89671C13D44400B4631D /* Resources */,
			);
			buildRules = (
			);
			dependencies = (
				18DA896B1C13D44400B4631D /* PBXTargetDependency */,
			);
			name = "驾考刷题UITests";
			productName = "驾考刷题UITests";
			productReference = 18DA89691C13D44400B4631D /* 驾考刷题UITests.xctest */;
			productType = "com.apple.product-type.bundle.ui-testing";
		};
/* End PBXNativeTarget section */

/* Begin PBXProject section */
		18DA893D1C13D44400B4631D /* Project object */ = {
			isa = PBXProject;
			attributes = {
				CLASSPREFIX = CY;
				LastUpgradeCheck = 0710;
				ORGANIZATIONNAME = john;
				TargetAttributes = {
					18DA89441C13D44400B4631D = {
						CreatedOnToolsVersion = 7.1.1;
						DevelopmentTeam = W7MSC63KUF;
					};
					18DA895D1C13D44400B4631D = {
						CreatedOnToolsVersion = 7.1.1;
						DevelopmentTeam = W7MSC63KUF;
						TestTargetID = 18DA89441C13D44400B4631D;
					};
					18DA89681C13D44400B4631D = {
						CreatedOnToolsVersion = 7.1.1;
						DevelopmentTeam = W7MSC63KUF;
						TestTargetID = 18DA89441C13D44400B4631D;
					};
				};
			};
			buildConfigurationList = 18DA89401C13D44400B4631D /* Build configuration list for PBXProject "驾考刷题" */;
			compatibilityVersion = "Xcode 3.2";
			developmentRegion = English;
			hasScannedForEncodings = 0;
			knownRegions = (
				en,
				Base,
			);
			mainGroup = 18DA893C1C13D44400B4631D;
			productRefGroup = 18DA89461C13D44400B4631D /* Products */;
			projectDirPath = "";
			projectRoot = "";
			targets = (
				18DA89441C13D44400B4631D /* 驾考刷题 */,
				18DA895D1C13D44400B4631D /* 驾考刷题Tests */,
				18DA89681C13D44400B4631D /* 驾考刷题UITests */,
			);
		};
/* End PBXProject section */

/* Begin PBXResourcesBuildPhase section */
		18DA89431C13D44400B4631D /* Resources */ = {
			isa = PBXResourcesBuildPhase;
			buildActionMask = 2147483647;
			files = (
				18D8C1191C19B94A00402F6A /* caipiao@2x.png in Resources */,
				18D8C11A1C19B94A00402F6A /* cloudphotos@2x.png in Resources */,
				18D8C1041C19B2F800402F6A /* CYthirdSubjectViewController.xib in Resources */,
				18D8C1261C19B94A00402F6A /* youdao@2x.png in Resources */,
				18D8C11E1C19B94A00402F6A /* magicbook@2x.png in Resources */,
				189A34C91C19157600E09B86 /* CYEncourageMeController.xib in Resources */,
				18D8C3AB1C1AEC6C00967B02 /* CYJumpCell.xib in Resources */,
				18D8C1231C19B94A00402F6A /* reader@2x.png in Resources */,
				18D8C1271C19B94A00402F6A /* youdaonote@2x.png in Resources */,
				18DA89581C13D44400B4631D /* LaunchScreen.storyboard in Resources */,
				18D8C1281C19B94A00402F6A /* products.json in Resources */,
				18D87F0B1C1850CE003DC40A /* CYPopSelectView.xib in Resources */,
				18D8C11D1C19B94A00402F6A /* icon_back@2x.png in Resources */,
				18D8C1201C19B94A00402F6A /* newb@2x.png in Resources */,
				18D8C11C1C19B94A00402F6A /* huihui@2x.png in Resources */,
				18D8C1221C19B94A00402F6A /* open@2x.png in Resources */,
				18DBCB561C194AA9002090D8 /* CYHeadView.xib in Resources */,
				18DA89551C13D44400B4631D /* Assets.xcassets in Resources */,
				1892A0791C1AC02A00BE889B /* CYJumpToCollectionView.xib in Resources */,
				1859AFDF1C19A4230037BF56 /* MBProgressHUD.bundle in Resources */,
				18D8C1211C19B94A00402F6A /* newsapp@2x.png in Resources */,
				18FD4FD91C17151400D01D96 /* CYProductCell.xib in Resources */,
				18F637CC1C1D6E290098F30C /* CYQuestionCell.xib in Resources */,
				18D8B5611C191EB000F87435 /* CYLeftDrawerController.xib in Resources */,
				18D8C11B1C19B94A00402F6A /* fanfan@2x.png in Resources */,
				18D8C1181C19B94A00402F6A /* apper@2x.png in Resources */,
				18D8C1241C19B94A00402F6A /* shoujiyou@2x.png in Resources */,
				18DA89BD1C14758D00B4631D /* CYForthSubjectViewController.xib in Resources */,
				18D8C1251C19B94A00402F6A /* tvguide@2x.png in Resources */,
				18D8C11F1C19B94A00402F6A /* movie@2x.png in Resources */,
				18DA89A01C146CB700B4631D /* CYFirstSubjectViewController.xib in Resources */,
			);
			runOnlyForDeploymentPostprocessing = 0;
		};
		18DA895C1C13D44400B4631D /* Resources */ = {
			isa = PBXResourcesBuildPhase;
			buildActionMask = 2147483647;
			files = (
			);
			runOnlyForDeploymentPostprocessing = 0;
		};
		18DA89671C13D44400B4631D /* Resources */ = {
			isa = PBXResourcesBuildPhase;
			buildActionMask = 2147483647;
			files = (
			);
			runOnlyForDeploymentPostprocessing = 0;
		};
/* End PBXResourcesBuildPhase section */

/* Begin PBXShellScriptBuildPhase section */
		2DA602D7A4A51E9F20EF3A76 /* Embed Pods Frameworks */ = {
			isa = PBXShellScriptBuildPhase;
			buildActionMask = 2147483647;
			files = (
			);
			inputPaths = (
			);
			name = "Embed Pods Frameworks";
			outputPaths = (
			);
			runOnlyForDeploymentPostprocessing = 0;
			shellPath = /bin/sh;
			shellScript = "\"${SRCROOT}/Pods/Target Support Files/Pods/Pods-frameworks.sh\"\n";
			showEnvVarsInLog = 0;
		};
		A3A3DC04EE46F4F331277AEC /* Copy Pods Resources */ = {
			isa = PBXShellScriptBuildPhase;
			buildActionMask = 2147483647;
			files = (
			);
			inputPaths = (
			);
			name = "Copy Pods Resources";
			outputPaths = (
			);
			runOnlyForDeploymentPostprocessing = 0;
			shellPath = /bin/sh;
			shellScript = "\"${SRCROOT}/Pods/Target Support Files/Pods/Pods-resources.sh\"\n";
			showEnvVarsInLog = 0;
		};
		A966F4AA2472C7E846A24F84 /* Check Pods Manifest.lock */ = {
			isa = PBXShellScriptBuildPhase;
			buildActionMask = 2147483647;
			files = (
			);
			inputPaths = (
			);
			name = "Check Pods Manifest.lock";
			outputPaths = (
			);
			runOnlyForDeploymentPostprocessing = 0;
			shellPath = /bin/sh;
			shellScript = "diff \"${PODS_ROOT}/../Podfile.lock\" \"${PODS_ROOT}/Manifest.lock\" > /dev/null\nif [[ $? != 0 ]] ; then\n    cat << EOM\nerror: The sandbox is not in sync with the Podfile.lock. Run 'pod install' or update your CocoaPods installation.\nEOM\n    exit 1\nfi\n";
			showEnvVarsInLog = 0;
		};
/* End PBXShellScriptBuildPhase section */

/* Begin PBXSourcesBuildPhase section */
		18DA89411C13D44400B4631D /* Sources */ = {
			isa = PBXSourcesBuildPhase;
			buildActionMask = 2147483647;
			files = (
				18F6377A1C1D011A0098F30C /* UIButton+WebCache.m in Sources */,
				1859AFE41C19A4230037BF56 /* UIViewController+MMDrawerController.m in Sources */,
				18D7870D1C16ADE900E40F34 /* CYSettingCell.m in Sources */,
				18D8B5601C191EB000F87435 /* CYLeftDrawerController.m in Sources */,
				18D8C3AA1C1AEC6C00967B02 /* CYJumpCell.m in Sources */,
				18F637BC1C1D3B360098F30C /* Foundation+Log.m in Sources */,
				18F6377E1C1D011A0098F30C /* UIImageView+HighlightedWebCache.m in Sources */,
				18FD4FD81C17151400D01D96 /* CYProductCell.m in Sources */,
				18F637721C1D011A0098F30C /* NSData+ImageContentType.m in Sources */,
				18F637B71C1D30A40098F30C /* AFURLConnectionOperation.m in Sources */,
				18D8C12E1C19C65300402F6A /* CYSecondSubjectController.m in Sources */,
				18DA899F1C146CB700B4631D /* CYFirstSubjectViewController.m in Sources */,
				1859AFE31C19A4230037BF56 /* MMDrawerVisualState.m in Sources */,
				1859AFDE1C19A4230037BF56 /* MBProgressHUD+MJ.m in Sources */,
				18D787011C16825000E40F34 /* CYSettingViewController.m in Sources */,
				18DA89C61C14798600B4631D /* UIView+Extension.m in Sources */,
				18F637741C1D011A0098F30C /* SDWebImageCompat.m in Sources */,
				18F637781C1D011A0098F30C /* SDWebImageManager.m in Sources */,
				1859AFE11C19A4230037BF56 /* MMDrawerBarButtonItem.m in Sources */,
				18F637731C1D011A0098F30C /* SDImageCache.m in Sources */,
				18D787201C16C26100E40F34 /* CYSettingGroup.m in Sources */,
				18F637751C1D011A0098F30C /* SDWebImageDecoder.m in Sources */,
				18C74CBD1C1C5B1B0080290C /* CYQuestionModel.m in Sources */,
				18F637B21C1D30A40098F30C /* AFHTTPRequestOperation.m in Sources */,
				18F637B51C1D30A40098F30C /* AFNetworkReachabilityManager.m in Sources */,
				1859AFE01C19A4230037BF56 /* MBProgressHUD.m in Sources */,
				18F637761C1D011A0098F30C /* SDWebImageDownloader.m in Sources */,
				18DA89AE1C14722F00B4631D /* CYNavigationViewController.m in Sources */,
				1801EA941C1AA91300FA82EB /* CYQuestionViewController.m in Sources */,
				18DA89C51C14798600B4631D /* UIBarButtonItem+Extension.m in Sources */,
				18F6377C1C1D011A0098F30C /* UIImage+MultiFormat.m in Sources */,
				18F637B91C1D30A40098F30C /* AFURLResponseSerialization.m in Sources */,
				18DBCB591C194DEF002090D8 /* CYHeaderView.m in Sources */,
				18F6377D1C1D011A0098F30C /* UIImage+WebP.m in Sources */,
				18F637B61C1D30A40098F30C /* AFSecurityPolicy.m in Sources */,
				18DA894D1C13D44400B4631D /* AppDelegate.m in Sources */,
				18D7870A1C16A2AC00E40F34 /* CYSettingSwitchItem.m in Sources */,
				18FD4F281C170A0500D01D96 /* CYProductShareViewController.m in Sources */,
				18D787041C16828400E40F34 /* CYSettingItem.m in Sources */,
				1859AFE21C19A4230037BF56 /* MMDrawerController.m in Sources */,
				183F323F1C1C34E2003F6618 /* CYButton.m in Sources */,
				183F323B1C1C31D6003F6618 /* CYQuestionCell.m in Sources */,
				18DA894A1C13D44400B4631D /* main.m in Sources */,
				18F637801C1D011A0098F30C /* UIView+WebCacheOperation.m in Sources */,
				18F637B41C1D30A40098F30C /* AFHTTPSessionManager.m in Sources */,
				18F637891C1D125A0098F30C /* CYSaveQuestionModelTool.m in Sources */,
				18F637791C1D011A0098F30C /* SDWebImagePrefetcher.m in Sources */,
				18D787071C16A28400E40F34 /* CYSettingArrowItem.m in Sources */,
				18DA899B1C146B5100B4631D /* CYTabbarViewController.m in Sources */,
				18D7871D1C16C09E00E40F34 /* AboutMeViewController.m in Sources */,
				18F6377B1C1D011A0098F30C /* UIImage+GIF.m in Sources */,
				18F637BA1C1D30A40098F30C /* AFURLSessionManager.m in Sources */,
				18D87F071C1823DD003DC40A /* CYSettingLabelItem.m in Sources */,
				18D787231C16CA7200E40F34 /* BaseSettingViewController.m in Sources */,
				18D8C1031C19B2F800402F6A /* CYthirdSubjectViewController.m in Sources */,
				18F637711C1D011A0098F30C /* MKAnnotationView+WebCache.m in Sources */,
				18FD4F521C170F4900D01D96 /* CYProduct.m in Sources */,
				18F637B81C1D30A40098F30C /* AFURLRequestSerialization.m in Sources */,
				18F637B31C1D30A40098F30C /* AFHTTPRequestOperationManager.m in Sources */,
				18F637771C1D011A0098F30C /* SDWebImageDownloaderOperation.m in Sources */,
				18DA89BC1C14758D00B4631D /* CYForthSubjectViewController.m in Sources */,
				18D87F011C181EFB003DC40A /* CYPopSelectView.m in Sources */,
				18F6377F1C1D011A0098F30C /* UIImageView+WebCache.m in Sources */,
				18D8C3B11C1AF9E800967B02 /* CYJumpToCollectionView.m in Sources */,
				18DA89C91C14844200B4631D /* CYTabbar.m in Sources */,
				189A34C81C19157600E09B86 /* CYEncourageMeController.m in Sources */,
			);
			runOnlyForDeploymentPostprocessing = 0;
		};
		18DA895A1C13D44400B4631D /* Sources */ = {
			isa = PBXSourcesBuildPhase;
			buildActionMask = 2147483647;
			files = (
				18DA89631C13D44400B4631D /* ____Tests.m in Sources */,
			);
			runOnlyForDeploymentPostprocessing = 0;
		};
		18DA89651C13D44400B4631D /* Sources */ = {
			isa = PBXSourcesBuildPhase;
			buildActionMask = 2147483647;
			files = (
				18DA896E1C13D44400B4631D /* ____UITests.m in Sources */,
			);
			runOnlyForDeploymentPostprocessing = 0;
		};
/* End PBXSourcesBuildPhase section */

/* Begin PBXTargetDependency section */
		18DA89601C13D44400B4631D /* PBXTargetDependency */ = {
			isa = PBXTargetDependency;
			target = 18DA89441C13D44400B4631D /* 驾考刷题 */;
			targetProxy = 18DA895F1C13D44400B4631D /* PBXContainerItemProxy */;
		};
		18DA896B1C13D44400B4631D /* PBXTargetDependency */ = {
			isa = PBXTargetDependency;
			target = 18DA89441C13D44400B4631D /* 驾考刷题 */;
			targetProxy = 18DA896A1C13D44400B4631D /* PBXContainerItemProxy */;
		};
/* End PBXTargetDependency section */

/* Begin PBXVariantGroup section */
		18DA89561C13D44400B4631D /* LaunchScreen.storyboard */ = {
			isa = PBXVariantGroup;
			children = (
				18DA89571C13D44400B4631D /* Base */,
			);
			name = LaunchScreen.storyboard;
			sourceTree = "<group>";
		};
/* End PBXVariantGroup section */

/* Begin XCBuildConfiguration section */
		18DA89701C13D44400B4631D /* Debug */ = {
			isa = XCBuildConfiguration;
			buildSettings = {
				ALWAYS_SEARCH_USER_PATHS = NO;
				CLANG_CXX_LANGUAGE_STANDARD = "gnu++0x";
				CLANG_CXX_LIBRARY = "libc++";
				CLANG_ENABLE_MODULES = YES;
				CLANG_ENABLE_OBJC_ARC = YES;
				CLANG_WARN_BOOL_CONVERSION = YES;
				CLANG_WARN_CONSTANT_CONVERSION = YES;
				CLANG_WARN_DIRECT_OBJC_ISA_USAGE = YES_ERROR;
				CLANG_WARN_EMPTY_BODY = YES;
				CLANG_WARN_ENUM_CONVERSION = YES;
				CLANG_WARN_INT_CONVERSION = YES;
				CLANG_WARN_OBJC_ROOT_CLASS = YES_ERROR;
				CLANG_WARN_UNREACHABLE_CODE = YES;
				CLANG_WARN__DUPLICATE_METHOD_MATCH = YES;
				"CODE_SIGN_IDENTITY[sdk=iphoneos*]" = "iPhone Developer";
				COPY_PHASE_STRIP = NO;
				DEBUG_INFORMATION_FORMAT = dwarf;
				ENABLE_STRICT_OBJC_MSGSEND = YES;
				ENABLE_TESTABILITY = YES;
				GCC_C_LANGUAGE_STANDARD = gnu99;
				GCC_DYNAMIC_NO_PIC = NO;
				GCC_NO_COMMON_BLOCKS = YES;
				GCC_OPTIMIZATION_LEVEL = 0;
				GCC_PREPROCESSOR_DEFINITIONS = (
					"DEBUG=1",
					"$(inherited)",
				);
				GCC_WARN_64_TO_32_BIT_CONVERSION = YES;
				GCC_WARN_ABOUT_RETURN_TYPE = YES_ERROR;
				GCC_WARN_UNDECLARED_SELECTOR = YES;
				GCC_WARN_UNINITIALIZED_AUTOS = YES_AGGRESSIVE;
				GCC_WARN_UNUSED_FUNCTION = YES;
				GCC_WARN_UNUSED_VARIABLE = YES;
				IPHONEOS_DEPLOYMENT_TARGET = 9.1;
				MTL_ENABLE_DEBUG_INFO = YES;
				ONLY_ACTIVE_ARCH = YES;
				SDKROOT = iphoneos;
			};
			name = Debug;
		};
		18DA89711C13D44400B4631D /* Release */ = {
			isa = XCBuildConfiguration;
			buildSettings = {
				ALWAYS_SEARCH_USER_PATHS = NO;
				CLANG_CXX_LANGUAGE_STANDARD = "gnu++0x";
				CLANG_CXX_LIBRARY = "libc++";
				CLANG_ENABLE_MODULES = YES;
				CLANG_ENABLE_OBJC_ARC = YES;
				CLANG_WARN_BOOL_CONVERSION = YES;
				CLANG_WARN_CONSTANT_CONVERSION = YES;
				CLANG_WARN_DIRECT_OBJC_ISA_USAGE = YES_ERROR;
				CLANG_WARN_EMPTY_BODY = YES;
				CLANG_WARN_ENUM_CONVERSION = YES;
				CLANG_WARN_INT_CONVERSION = YES;
				CLANG_WARN_OBJC_ROOT_CLASS = YES_ERROR;
				CLANG_WARN_UNREACHABLE_CODE = YES;
				CLANG_WARN__DUPLICATE_METHOD_MATCH = YES;
				"CODE_SIGN_IDENTITY[sdk=iphoneos*]" = "iPhone Developer";
				COPY_PHASE_STRIP = NO;
				DEBUG_INFORMATION_FORMAT = "dwarf-with-dsym";
				ENABLE_NS_ASSERTIONS = NO;
				ENABLE_STRICT_OBJC_MSGSEND = YES;
				GCC_C_LANGUAGE_STANDARD = gnu99;
				GCC_NO_COMMON_BLOCKS = YES;
				GCC_WARN_64_TO_32_BIT_CONVERSION = YES;
				GCC_WARN_ABOUT_RETURN_TYPE = YES_ERROR;
				GCC_WARN_UNDECLARED_SELECTOR = YES;
				GCC_WARN_UNINITIALIZED_AUTOS = YES_AGGRESSIVE;
				GCC_WARN_UNUSED_FUNCTION = YES;
				GCC_WARN_UNUSED_VARIABLE = YES;
				IPHONEOS_DEPLOYMENT_TARGET = 9.1;
				MTL_ENABLE_DEBUG_INFO = NO;
				SDKROOT = iphoneos;
				VALIDATE_PRODUCT = YES;
			};
			name = Release;
		};
		18DA89731C13D44400B4631D /* Debug */ = {
			isa = XCBuildConfiguration;
			baseConfigurationReference = F9098E73B1BB11059AF68843 /* Pods.debug.xcconfig */;
			buildSettings = {
				ASSETCATALOG_COMPILER_APPICON_NAME = AppIcon;
				ASSETCATALOG_COMPILER_LAUNCHIMAGE_NAME = "Brand Assets";
				CODE_SIGN_IDENTITY = "iPhone Developer: Wei Feng Hou (76V5688MH4)";
				GCC_PREFIX_HEADER = "驾考刷题/PrefixHeader.pch";
				INFOPLIST_FILE = "驾考刷题/Info.plist";
				LD_RUNPATH_SEARCH_PATHS = "$(inherited) @executable_path/Frameworks";
				PRODUCT_BUNDLE_IDENTIFIER = "com.chengjunya.----";
				PRODUCT_NAME = "$(TARGET_NAME)";
			};
			name = Debug;
		};
		18DA89741C13D44400B4631D /* Release */ = {
			isa = XCBuildConfiguration;
			baseConfigurationReference = BB753EE1F56EF8BC924E4D1C /* Pods.release.xcconfig */;
			buildSettings = {
				ASSETCATALOG_COMPILER_APPICON_NAME = AppIcon;
				ASSETCATALOG_COMPILER_LAUNCHIMAGE_NAME = "Brand Assets";
				CODE_SIGN_IDENTITY = "iPhone Developer: Wei Feng Hou (76V5688MH4)";
				GCC_PREFIX_HEADER = "驾考刷题/PrefixHeader.pch";
				INFOPLIST_FILE = "驾考刷题/Info.plist";
				LD_RUNPATH_SEARCH_PATHS = "$(inherited) @executable_path/Frameworks";
				PRODUCT_BUNDLE_IDENTIFIER = "com.chengjunya.----";
				PRODUCT_NAME = "$(TARGET_NAME)";
			};
			name = Release;
		};
		18DA89761C13D44400B4631D /* Debug */ = {
			isa = XCBuildConfiguration;
			buildSettings = {
				BUNDLE_LOADER = "$(TEST_HOST)";
				INFOPLIST_FILE = "驾考刷题Tests/Info.plist";
				LD_RUNPATH_SEARCH_PATHS = "$(inherited) @executable_path/Frameworks @loader_path/Frameworks";
				PRODUCT_BUNDLE_IDENTIFIER = "com.chengjunya.----Tests";
				PRODUCT_NAME = "$(TARGET_NAME)";
				TEST_HOST = "$(BUILT_PRODUCTS_DIR)/驾考刷题.app/驾考刷题";
			};
			name = Debug;
		};
		18DA89771C13D44400B4631D /* Release */ = {
			isa = XCBuildConfiguration;
			buildSettings = {
				BUNDLE_LOADER = "$(TEST_HOST)";
				INFOPLIST_FILE = "驾考刷题Tests/Info.plist";
				LD_RUNPATH_SEARCH_PATHS = "$(inherited) @executable_path/Frameworks @loader_path/Frameworks";
				PRODUCT_BUNDLE_IDENTIFIER = "com.chengjunya.----Tests";
				PRODUCT_NAME = "$(TARGET_NAME)";
				TEST_HOST = "$(BUILT_PRODUCTS_DIR)/驾考刷题.app/驾考刷题";
			};
			name = Release;
		};
		18DA89791C13D44400B4631D /* Debug */ = {
			isa = XCBuildConfiguration;
			buildSettings = {
				INFOPLIST_FILE = "驾考刷题UITests/Info.plist";
				LD_RUNPATH_SEARCH_PATHS = "$(inherited) @executable_path/Frameworks @loader_path/Frameworks";
				PRODUCT_BUNDLE_IDENTIFIER = "com.chengjunya.----UITests";
				PRODUCT_NAME = "$(TARGET_NAME)";
				TEST_TARGET_NAME = "驾考刷题";
				USES_XCTRUNNER = YES;
			};
			name = Debug;
		};
		18DA897A1C13D44400B4631D /* Release */ = {
			isa = XCBuildConfiguration;
			buildSettings = {
				INFOPLIST_FILE = "驾考刷题UITests/Info.plist";
				LD_RUNPATH_SEARCH_PATHS = "$(inherited) @executable_path/Frameworks @loader_path/Frameworks";
				PRODUCT_BUNDLE_IDENTIFIER = "com.chengjunya.----UITests";
				PRODUCT_NAME = "$(TARGET_NAME)";
				TEST_TARGET_NAME = "驾考刷题";
				USES_XCTRUNNER = YES;
			};
			name = Release;
		};
/* End XCBuildConfiguration section */

/* Begin XCConfigurationList section */
		18DA89401C13D44400B4631D /* Build configuration list for PBXProject "驾考刷题" */ = {
			isa = XCConfigurationList;
			buildConfigurations = (
				18DA89701C13D44400B4631D /* Debug */,
				18DA89711C13D44400B4631D /* Release */,
			);
			defaultConfigurationIsVisible = 0;
			defaultConfigurationName = Release;
		};
		18DA89721C13D44400B4631D /* Build configuration list for PBXNativeTarget "驾考刷题" */ = {
			isa = XCConfigurationList;
			buildConfigurations = (
				18DA89731C13D44400B4631D /* Debug */,
				18DA89741C13D44400B4631D /* Release */,
			);
			defaultConfigurationIsVisible = 0;
			defaultConfigurationName = Release;
		};
		18DA89751C13D44400B4631D /* Build configuration list for PBXNativeTarget "驾考刷题Tests" */ = {
			isa = XCConfigurationList;
			buildConfigurations = (
				18DA89761C13D44400B4631D /* Debug */,
				18DA89771C13D44400B4631D /* Release */,
			);
			defaultConfigurationIsVisible = 0;
			defaultConfigurationName = Release;
		};
		18DA89781C13D44400B4631D /* Build configuration list for PBXNativeTarget "驾考刷题UITests" */ = {
			isa = XCConfigurationList;
			buildConfigurations = (
				18DA89791C13D44400B4631D /* Debug */,
				18DA897A1C13D44400B4631D /* Release */,
			);
			defaultConfigurationIsVisible = 0;
			defaultConfigurationName = Release;
		};
/* End XCConfigurationList section */
	};
	rootObject = 18DA893D1C13D44400B4631D /* Project object */;
}
